{
  "name": "@opentelemetry-lambda/sdk-layer",
  "version": "0.0.1",
  "lockfileVersion": 3,
  "requires": true,
  "packages": {
    "": {
      "name": "@opentelemetry-lambda/sdk-layer",
      "version": "0.0.1",
      "license": "Apache-2.0",
      "dependencies": {
        "@opentelemetry/api": "1.9.1",
        "@opentelemetry/auto-configuration-propagators": "0.4.6",
        "@opentelemetry/core": "2.11.0",
        "@opentelemetry/exporter-metrics-otlp-proto": "0.222.0",
        "@opentelemetry/exporter-trace-otlp-proto": "0.222.0",
        "@opentelemetry/instrumentation": "file:../../../../opentelemetry-js/experimental/packages/opentelemetry-instrumentation/opentelemetry-instrumentation-0.222.0.tgz",
        "@opentelemetry/instrumentation-aws-lambda": "file:../../../../opentelemetry-js-contrib-cx/packages/instrumentation-aws-lambda/opentelemetry-instrumentation-aws-lambda-0.74.0.tgz",
        "@opentelemetry/instrumentation-aws-sdk": "file:../../../../opentelemetry-js-contrib-cx/packages/instrumentation-aws-sdk/opentelemetry-instrumentation-aws-sdk-0.77.0.tgz",
        "@opentelemetry/instrumentation-dns": "0.65.0",
        "@opentelemetry/instrumentation-express": "0.70.0",
        "@opentelemetry/instrumentation-graphql": "0.70.0",
        "@opentelemetry/instrumentation-grpc": "0.222.0",
        "@opentelemetry/instrumentation-hapi": "0.68.0",
        "@opentelemetry/instrumentation-http": "0.222.0",
        "@opentelemetry/instrumentation-ioredis": "0.70.0",
        "@opentelemetry/instrumentation-koa": "0.70.0",
        "@opentelemetry/instrumentation-mongodb": "file:../../../../opentelemetry-js-contrib-cx/packages/instrumentation-mongodb/opentelemetry-instrumentation-mongodb-0.75.0.tgz",
        "@opentelemetry/instrumentation-mysql": "0.68.0",
        "@opentelemetry/instrumentation-net": "0.66.0",
        "@opentelemetry/instrumentation-pg": "0.74.0",
        "@opentelemetry/instrumentation-redis": "0.70.0",
        "@opentelemetry/propagator-aws-xray": "2.2.0",
        "@opentelemetry/propagator-b3": "2.11.0",
        "@opentelemetry/propagator-jaeger": "2.11.0",
        "@opentelemetry/resource-detector-aws": "2.22.0",
        "@opentelemetry/resources": "2.11.0",
        "@opentelemetry/sdk-metrics": "2.11.0",
        "@opentelemetry/sdk-trace-base": "2.11.0",
        "@opentelemetry/sdk-trace-node": "2.11.0",
        "@opentelemetry/semantic-conventions": "1.43.0",
        "cx-wrapper": "file:../cx-wrapper/cx-wrapper-0.0.1.tgz",
        "import-in-the-middle": "3.3.1"
      },
      "engines": {
        "node": ">=16.0.0"
      }
    },
    "node_modules/@opentelemetry/api": {
      "version": "1.9.1",
      "resolved": "https://registry.npmjs.org/@opentelemetry/api/-/api-1.9.1.tgz",
      "integrity": "sha512-gLyJlPHPZYdAk1JENA9LeHejZe1Ti77/pTeFm/nMXmQH/HFZlcS/O2XJB+L8fkbrNSqhdtlvjBVjxwUYanNH5Q==",
      "license": "Apache-2.0",
      "engines": {
        "node": ">=8.0.0"
      }
    },
    "node_modules/@opentelemetry/api-logs": {
      "version": "0.222.0",
      "resolved": "https://registry.npmjs.org/@opentelemetry/api-logs/-/api-logs-0.222.0.tgz",
      "integrity": "sha512-9mb1If+IF6u0ZVXkHQ6ogEae5HwA6ajIVUgpSDQyRASxft6BSXHvBvPooRle3yFN/fKnCdSOnuu0OC3PLcF6+g==",
      "license": "Apache-2.0",
      "dependencies": {
        "@opentelemetry/api": "^1.3.0"
      },
      "engines": {
        "node": ">=8.0.0"
      }
    },
    "node_modules/@opentelemetry/auto-configuration-propagators": {
      "version": "0.4.6",
      "resolved": "https://registry.npmjs.org/@opentelemetry/auto-configuration-propagators/-/auto-configuration-propagators-0.4.6.tgz",
      "integrity": "sha512-bF8P+6YsEQmeYpkVv35uIIpvBFPqZ4CYL8HAeXa1o2a7vzwsChHcfV6Lae5yRKR5Rfqyy7JEeLcTUPPOK6y5PA==",
      "license": "Apache-2.0",
      "dependencies": {
        "@opentelemetry/core": "^2.0.0",
        "@opentelemetry/propagator-aws-xray": "^2.2.0",
        "@opentelemetry/propagator-aws-xray-lambda": "^0.56.0",
        "@opentelemetry/propagator-b3": "^2.0.0",
        "@opentelemetry/propagator-jaeger": "^2.0.0",
        "@opentelemetry/propagator-ot-trace": "^0.29.0"
      },
      "engines": {
        "node": "^18.19.0 || >=20.6.0"
      },
      "peerDependencies": {
        "@opentelemetry/api": "^1.4.1"
      }
    },
    "node_modules/@opentelemetry/context-async-hooks": {
      "version": "2.11.0",
      "resolved": "https://registry.npmjs.org/@opentelemetry/context-async-hooks/-/context-async-hooks-2.11.0.tgz",
      "integrity": "sha512-Tr79DyWI8itsBdg+jH+opjfrwLzX+erk1/ExkIwhWoAVjVrJIn2y5+cGjTC0Vy8fyNIA/y8wuJPZwr1T3xCZeQ==",
      "license": "Apache-2.0",
      "engines": {
        "node": "^18.19.0 || >=20.6.0"
      },
      "peerDependencies": {
        "@opentelemetry/api": ">=1.0.0 <1.10.0"
      }
    },
    "node_modules/@opentelemetry/core": {
      "version": "2.11.0",
      "resolved": "https://registry.npmjs.org/@opentelemetry/core/-/core-2.11.0.tgz",
      "integrity": "sha512-7YP44XH0tV6+Mb54x2YGf84i7yi+31MBZlE8JwvozkxyTvXbSp10X7cI7YE49ChJ3shMJoBmCJF3+1QFBJctGA==",
      "license": "Apache-2.0",
      "dependencies": {
        "@opentelemetry/semantic-conventions": "^1.29.0"
      },
      "engines": {
        "node": "^18.19.0 || >=20.6.0"
      },
      "peerDependencies": {
        "@opentelemetry/api": ">=1.0.0 <1.10.0"
      }
    },
    "node_modules/@opentelemetry/exporter-metrics-otlp-http": {
      "version": "0.222.0",
      "resolved": "https://registry.npmjs.org/@opentelemetry/exporter-metrics-otlp-http/-/exporter-metrics-otlp-http-0.222.0.tgz",
      "integrity": "sha512-6Ko+0bgNP6V4G/RsmNBSk5lO1B/lo9z6tvLpFY3ykPPevXNzFmOW3C9hEmTt0zKCvHovyrol3TYlg4HVb5gwjg==",
      "license": "Apache-2.0",
      "dependencies": {
        "@opentelemetry/core": "2.11.0",
        "@opentelemetry/otlp-exporter-base": "0.222.0",
        "@opentelemetry/otlp-transformer": "0.222.0",
        "@opentelemetry/resources": "2.11.0",
        "@opentelemetry/sdk-metrics": "2.11.0"
      },
      "engines": {
        "node": "^18.19.0 || >=20.6.0"
      },
      "peerDependencies": {
        "@opentelemetry/api": "^1.3.0"
      }
    },
    "node_modules/@opentelemetry/exporter-metrics-otlp-proto": {
      "version": "0.222.0",
      "resolved": "https://registry.npmjs.org/@opentelemetry/exporter-metrics-otlp-proto/-/exporter-metrics-otlp-proto-0.222.0.tgz",
      "integrity": "sha512-s1ZPwS8Ig7cpRmL3kCobPaFbemM81dJ03LNPrsuN32h3mCDvNF2NQ1pRHruOju0P0o1TZ24LkZA685rtQal1KA==",
      "license": "Apache-2.0",
      "dependencies": {
        "@opentelemetry/exporter-metrics-otlp-http": "0.222.0",
        "@opentelemetry/otlp-exporter-base": "0.222.0",
        "@opentelemetry/otlp-transformer": "0.222.0"
      },
      "engines": {
        "node": "^18.19.0 || >=20.6.0"
      },
      "peerDependencies": {
        "@opentelemetry/api": "^1.3.0"
      }
    },
    "node_modules/@opentelemetry/exporter-trace-otlp-proto": {
      "version": "0.222.0",
      "resolved": "https://registry.npmjs.org/@opentelemetry/exporter-trace-otlp-proto/-/exporter-trace-otlp-proto-0.222.0.tgz",
      "integrity": "sha512-imLrLzNhnABJt3tUyT63h6MqfZrG3Gdv3TE7+OUQTvwD088RfCUx3rF01lcgfu2KXBFk13vwi0yKZLvFEalkIA==",
      "license": "Apache-2.0",
      "dependencies": {
        "@opentelemetry/otlp-exporter-base": "0.222.0",
        "@opentelemetry/otlp-transformer": "0.222.0",
        "@opentelemetry/sdk-trace": "2.11.0"
      },
      "engines": {
        "node": "^18.19.0 || >=20.6.0"
      },
      "peerDependencies": {
        "@opentelemetry/api": "^1.3.0"
      }
    },
    "node_modules/@opentelemetry/instrumentation": {
      "version": "0.222.0",
      "resolved": "file:../../../../opentelemetry-js/experimental/packages/opentelemetry-instrumentation/opentelemetry-instrumentation-0.222.0.tgz",
      "integrity": "sha512-phlZHQNTL/g1v4CwR7E9oXabs8bF6YmwW+zvjNlL6ttCEkNvCgtq2zCxKhdlpua9j2EIsv+bIYg4fetKfyhfbA==",
      "license": "Apache-2.0",
      "dependencies": {
        "@opentelemetry/api-logs": "0.222.0",
        "import-in-the-middle": "^3.0.0",
        "require-in-the-middle": "^8.0.0"
      },
      "engines": {
        "node": "^18.19.0 || >=20.6.0"
      },
      "peerDependencies": {
        "@opentelemetry/api": "^1.3.0"
      }
    },
    "node_modules/@opentelemetry/instrumentation-aws-lambda": {
      "version": "0.74.0",
      "resolved": "file:../../../../opentelemetry-js-contrib-cx/packages/instrumentation-aws-lambda/opentelemetry-instrumentation-aws-lambda-0.74.0.tgz",
      "integrity": "sha512-HDEBMpM/sM4JaArtljUkTaf3EEf5JmQV5hC2L7/fdS137EY84ewBdBYjAZjVOrKBW86Uhh1EswhSMoIXCXi3+A==",
      "license": "Apache-2.0",
      "dependencies": {
        "@opentelemetry/instrumentation": "^0.222.0",
        "@opentelemetry/propagator-aws-xray": "^2.2.0",
        "@opentelemetry/semantic-conventions": "^1.27.0",
        "@types/aws-lambda": "^8.10.155"
      },
      "engines": {
        "node": "^18.19.0 || >=20.6.0"
      },
      "peerDependencies": {
        "@opentelemetry/api": "^1.3.0"
      }
    },
    "node_modules/@opentelemetry/instrumentation-aws-sdk": {
      "version": "0.77.0",
      "resolved": "file:../../../../opentelemetry-js-contrib-cx/packages/instrumentation-aws-sdk/opentelemetry-instrumentation-aws-sdk-0.77.0.tgz",
      "integrity": "sha512-slrGKuGgjvOtsHGUaoaMdrcytQWfoaDGGf7chfsvI5zmFmrXhgFxQXC8e2/u/4DEd72GuTARqk6X9J7iDtzE0A==",
      "license": "Apache-2.0",
      "dependencies": {
        "@opentelemetry/core": "^2.0.0",
        "@opentelemetry/instrumentation": "^0.222.0",
        "@opentelemetry/semantic-conventions": "^1.34.0"
      },
      "engines": {
        "node": "^18.19.0 || >=20.6.0"
      },
      "peerDependencies": {
        "@opentelemetry/api": "^1.3.0"
      }
    },
    "node_modules/@opentelemetry/instrumentation-dns": {
      "version": "0.65.0",
      "resolved": "https://registry.npmjs.org/@opentelemetry/instrumentation-dns/-/instrumentation-dns-0.65.0.tgz",
      "integrity": "sha512-7QXICs4eV/GeihRqPnsR7TnK6ugAK8/B7tWr8UFxRzGTfNG97LEfByevhNfMEE8pFFLHUhiCE5metED2lO8nhw==",
      "license": "Apache-2.0",
      "dependencies": {
        "@opentelemetry/instrumentation": "^0.222.0"
      },
      "engines": {
        "node": "^18.19.0 || >=20.6.0"
      },
      "peerDependencies": {
        "@opentelemetry/api": "^1.3.0"
      }
    },
    "node_modules/@opentelemetry/instrumentation-express": {
      "version": "0.70.0",
      "resolved": "https://registry.npmjs.org/@opentelemetry/instrumentation-express/-/instrumentation-express-0.70.0.tgz",
      "integrity": "sha512-OHdj/2apRZNhMKkd6w4OV4SnX/aS2LWMLyHwGGNYhWratgh88o+cVJS9FvqC+HCYWSDWTEWEfl/8d7BdEI7c+g==",
      "license": "Apache-2.0",
      "dependencies": {
        "@opentelemetry/core": "^2.9.0",
        "@opentelemetry/instrumentation": "^0.222.0",
        "@opentelemetry/semantic-conventions": "^1.27.0"
      },
      "engines": {
        "node": "^18.19.0 || >=20.6.0"
      },
      "peerDependencies": {
        "@opentelemetry/api": "^1.3.0"
      }
    },
    "node_modules/@opentelemetry/instrumentation-graphql": {
      "version": "0.70.0",
      "resolved": "https://registry.npmjs.org/@opentelemetry/instrumentation-graphql/-/instrumentation-graphql-0.70.0.tgz",
      "integrity": "sha512-zyBTEG0Dxm6rYf0IaoIqt1ZRAuiq4AUPDhAi0vl/hBbYweU56CleS5zH8n+GQ3+EsTBW6KYKULHvXk21+UJo9w==",
      "license": "Apache-2.0",
      "dependencies": {
        "@opentelemetry/instrumentation": "^0.222.0"
      },
      "engines": {
        "node": "^18.19.0 || >=20.6.0"
      },
      "peerDependencies": {
        "@opentelemetry/api": "^1.3.0"
      }
    },
    "node_modules/@opentelemetry/instrumentation-grpc": {
      "version": "0.222.0",
      "resolved": "https://registry.npmjs.org/@opentelemetry/instrumentation-grpc/-/instrumentation-grpc-0.222.0.tgz",
      "integrity": "sha512-5gUFhJF5X8ss60apt2p7czvIeIzTHZQSq1QowiKVS4gBfP5nHZNhBYoOtq1j14A8IXs/qL8Hn/sfni4kaPVLRA==",
      "license": "Apache-2.0",
      "dependencies": {
        "@opentelemetry/instrumentation": "0.222.0",
        "@opentelemetry/semantic-conventions": "^1.29.0"
      },
      "engines": {
        "node": "^18.19.0 || >=20.6.0"
      },
      "peerDependencies": {
        "@opentelemetry/api": "^1.3.0"
      }
    },
    "node_modules/@opentelemetry/instrumentation-hapi": {
      "version": "0.68.0",
      "resolved": "https://registry.npmjs.org/@opentelemetry/instrumentation-hapi/-/instrumentation-hapi-0.68.0.tgz",
      "integrity": "sha512-wJShEI4aKajQT5Sg/sJ6jV3xF6SqJKfXHTLDdrmWMv0h1sDXp4mpSTD1XUJfO5H0lZFUtEJapxtWl126zAmf9w==",
      "license": "Apache-2.0",
      "dependencies": {
        "@opentelemetry/core": "^2.9.0",
        "@opentelemetry/instrumentation": "^0.222.0",
        "@opentelemetry/semantic-conventions": "^1.27.0"
      },
      "engines": {
        "node": "^18.19.0 || >=20.6.0"
      },
      "peerDependencies": {
        "@opentelemetry/api": "^1.3.0"
      }
    },
    "node_modules/@opentelemetry/instrumentation-http": {
      "version": "0.222.0",
      "resolved": "https://registry.npmjs.org/@opentelemetry/instrumentation-http/-/instrumentation-http-0.222.0.tgz",
      "integrity": "sha512-HhMHW32LyGzIJEmUElxaML4oUe6JiCq0Hvjt/Awxb60SlMsSFetFLFjed45g/0wrPr1n7z+xW+x1B/584WBAkg==",
      "license": "Apache-2.0",
      "dependencies": {
        "@opentelemetry/core": "2.11.0",
        "@opentelemetry/instrumentation": "0.222.0",
        "@opentelemetry/semantic-conventions": "^1.29.0",
        "forwarded-parse": "2.1.2"
      },
      "engines": {
        "node": "^18.19.0 || >=20.6.0"
      },
      "peerDependencies": {
        "@opentelemetry/api": "^1.3.0"
      }
    },
    "node_modules/@opentelemetry/instrumentation-ioredis": {
      "version": "0.70.0",
      "resolved": "https://registry.npmjs.org/@opentelemetry/instrumentation-ioredis/-/instrumentation-ioredis-0.70.0.tgz",
      "integrity": "sha512-AUyn8K5vlSGkIF2AXPlUsa5d5ZXRidHMXlAHNAykvgW3u8juDZqGTgsOKJMYnLfllawygawLrqK6Fr2lnPcBUQ==",
      "license": "Apache-2.0",
      "dependencies": {
        "@opentelemetry/instrumentation": "^0.222.0",
        "@opentelemetry/redis-common": "^0.38.3",
        "@opentelemetry/semantic-conventions": "^1.33.0"
      },
      "engines": {
        "node": "^18.19.0 || >=20.6.0"
      },
      "peerDependencies": {
        "@opentelemetry/api": "^1.3.0"
      }
    },
    "node_modules/@opentelemetry/instrumentation-koa": {
      "version": "0.70.0",
      "resolved": "https://registry.npmjs.org/@opentelemetry/instrumentation-koa/-/instrumentation-koa-0.70.0.tgz",
      "integrity": "sha512-+CFyL7V0auN0FzKvGUwOIOGT/8VTC3BM8cd8X0UoHRmPKEdYfwNWuHIkA6zknZPDMXN9WLfZCxdZ0Ln/YqLx4w==",
      "license": "Apache-2.0",
      "dependencies": {
        "@opentelemetry/core": "^2.9.0",
        "@opentelemetry/instrumentation": "^0.222.0",
        "@opentelemetry/semantic-conventions": "^1.36.0"
      },
      "engines": {
        "node": "^18.19.0 || >=20.6.0"
      },
      "peerDependencies": {
        "@opentelemetry/api": "^1.9.0"
      }
    },
    "node_modules/@opentelemetry/instrumentation-mongodb": {
      "version": "0.75.0",
      "resolved": "file:../../../../opentelemetry-js-contrib-cx/packages/instrumentation-mongodb/opentelemetry-instrumentation-mongodb-0.75.0.tgz",
      "integrity": "sha512-Kn9pMD0YPL9ewMbb6nqOEakfKosVKexdB0KJB7MjzloXSCwbW7OV+zITWRKA9XNi7nSQLMRa2S0gwB7aD3vsZA==",
      "license": "Apache-2.0",
      "dependencies": {
        "@opentelemetry/instrumentation": "^0.222.0",
        "@opentelemetry/semantic-conventions": "^1.33.0"
      },
      "engines": {
        "node": "^18.19.0 || >=20.6.0"
      },
      "peerDependencies": {
        "@opentelemetry/api": "^1.3.0"
      }
    },
    "node_modules/@opentelemetry/instrumentation-mysql": {
      "version": "0.68.0",
      "resolved": "https://registry.npmjs.org/@opentelemetry/instrumentation-mysql/-/instrumentation-mysql-0.68.0.tgz",
      "integrity": "sha512-N6TCMiWmisdG9DzSuMHxZ+N5qD3meoCy70mVE6fneZj6M24EXj86e56BzLFQ8Pkd6BgaPBJcdMTT/GBfPuW15w==",
      "license": "Apache-2.0",
      "dependencies": {
        "@opentelemetry/instrumentation": "^0.222.0",
        "@opentelemetry/semantic-conventions": "^1.33.0"
      },
      "engines": {
        "node": "^18.19.0 || >=20.6.0"
      },
      "peerDependencies": {
        "@opentelemetry/api": "^1.3.0"
      }
    },
    "node_modules/@opentelemetry/instrumentation-net": {
      "version": "0.66.0",
      "resolved": "https://registry.npmjs.org/@opentelemetry/instrumentation-net/-/instrumentation-net-0.66.0.tgz",
      "integrity": "sha512-OxnzC0696+Ne7zHisHo95RZkYT4e2C4OoB+q0dqQyZ0/9klLQ9CyC/Yu+OzYrQzPjdzRQVVPNDhoW+5+cXk3XQ==",
      "license": "Apache-2.0",
      "dependencies": {
        "@opentelemetry/instrumentation": "^0.222.0",
        "@opentelemetry/semantic-conventions": "^1.33.0"
      },
      "engines": {
        "node": "^18.19.0 || >=20.6.0"
      },
      "peerDependencies": {
        "@opentelemetry/api": "^1.3.0"
      }
    },
    "node_modules/@opentelemetry/instrumentation-pg": {
      "version": "0.74.0",
      "resolved": "https://registry.npmjs.org/@opentelemetry/instrumentation-pg/-/instrumentation-pg-0.74.0.tgz",
      "integrity": "sha512-8i59Z7M0FjEwp2hF1eRqEr+NZtiwjvPYGl2xsGWEfL/hF6ffmPERWbySyK1EXa7gGyHCArwNkHLShsMfFywqpQ==",
      "license": "Apache-2.0",
      "dependencies": {
        "@opentelemetry/core": "^2.9.0",
        "@opentelemetry/instrumentation": "^0.222.0",
        "@opentelemetry/semantic-conventions": "^1.34.0",
        "@opentelemetry/sql-common": "^0.42.0",
        "@types/pg": "8.15.6",
        "@types/pg-pool": "2.0.7"
      },
      "engines": {
        "node": "^18.19.0 || >=20.6.0"
      },
      "peerDependencies": {
        "@opentelemetry/api": "^1.3.0"
      }
    },
    "node_modules/@opentelemetry/instrumentation-redis": {
      "version": "0.70.0",
      "resolved": "https://registry.npmjs.org/@opentelemetry/instrumentation-redis/-/instrumentation-redis-0.70.0.tgz",
      "integrity": "sha512-jXHduXt6GQWluGtqBPibAvpw27seRjA6SMyLp0Oc41AzSQz1JFZq1CNw6gvdOrRasH4AJPpRykPxw02IjHYr0A==",
      "license": "Apache-2.0",
      "dependencies": {
        "@opentelemetry/instrumentation": "^0.222.0",
        "@opentelemetry/redis-common": "^0.38.3",
        "@opentelemetry/semantic-conventions": "^1.27.0"
      },
      "engines": {
        "node": "^18.19.0 || >=20.6.0"
      },
      "peerDependencies": {
        "@opentelemetry/api": "^1.3.0"
      }
    },
    "node_modules/@opentelemetry/otlp-exporter-base": {
      "version": "0.222.0",
      "resolved": "https://registry.npmjs.org/@opentelemetry/otlp-exporter-base/-/otlp-exporter-base-0.222.0.tgz",
      "integrity": "sha512-YbywG3veEm2Fb6TbdxRkuquWob6eVWXuA8/Ba1tXz9jHfUqpdE3keilOHEtPboC4CvS1bjeeVfNkWGOOrLj+lw==",
      "license": "Apache-2.0",
      "dependencies": {
        "@opentelemetry/core": "2.11.0",
        "@opentelemetry/otlp-transformer": "0.222.0"
      },
      "engines": {
        "node": "^18.19.0 || >=20.6.0"
      },
      "peerDependencies": {
        "@opentelemetry/api": "^1.3.0"
      }
    },
    "node_modules/@opentelemetry/otlp-transformer": {
      "version": "0.222.0",
      "resolved": "https://registry.npmjs.org/@opentelemetry/otlp-transformer/-/otlp-transformer-0.222.0.tgz",
      "integrity": "sha512-/F3BZ89+CJQnZkMh2tCrtcdB+XT2Dxhj4FFE+WPQ//413hmFL0/RfEX6vgOIWGhiSzrkHWTK3+6SiT7K5/g/jQ==",
      "license": "Apache-2.0",
      "dependencies": {
        "@opentelemetry/api-logs": "0.222.0",
        "@opentelemetry/core": "2.11.0",
        "@opentelemetry/resources": "2.11.0",
        "@opentelemetry/sdk-logs": "0.222.0",
        "@opentelemetry/sdk-metrics": "2.11.0",
        "@opentelemetry/sdk-trace": "2.11.0"
      },
      "engines": {
        "node": "^18.19.0 || >=20.6.0"
      },
      "peerDependencies": {
        "@opentelemetry/api": "^1.3.0"
      }
    },
    "node_modules/@opentelemetry/propagator-aws-xray": {
      "version": "2.2.0",
      "resolved": "https://registry.npmjs.org/@opentelemetry/propagator-aws-xray/-/propagator-aws-xray-2.2.0.tgz",
      "integrity": "sha512-Yjvt2EjL+tfpkVOdKbhTPgpM4SIAez9nG6Q/QjQ3yfcJcjIWp59ph70SLfvmkSL6++3DCnuBG3iWcB18PwWavQ==",
      "license": "Apache-2.0",
      "engines": {
        "node": "^18.19.0 || >=20.6.0"
      },
      "peerDependencies": {
        "@opentelemetry/api": ">=1.0.0 <1.10.0"
      }
    },
    "node_modules/@opentelemetry/propagator-aws-xray-lambda": {
      "version": "0.56.0",
      "resolved": "https://registry.npmjs.org/@opentelemetry/propagator-aws-xray-lambda/-/propagator-aws-xray-lambda-0.56.0.tgz",
      "integrity": "sha512-z+IPb2lmKBrIILg+2gGtyr067gQybyp5pHxEg1H2sS/L0Mjcz4hVoOma27rknWhbu1KbpRgAsahXMAO2ydqhuw==",
      "license": "Apache-2.0",
      "dependencies": {
        "@opentelemetry/propagator-aws-xray": "^2.2.0"
      },
      "engines": {
        "node": "^18.19.0 || >=20.6.0"
      },
      "peerDependencies": {
        "@opentelemetry/api": ">=1.3.0 <1.10.0"
      }
    },
    "node_modules/@opentelemetry/propagator-b3": {
      "version": "2.11.0",
      "resolved": "https://registry.npmjs.org/@opentelemetry/propagator-b3/-/propagator-b3-2.11.0.tgz",
      "integrity": "sha512-ldyRZXx6qsqu9Spqd7rVxo6SNAUJqP8Ir3vwIi4N8xyZLXNl/2XeQmIHvFneiVOqNwWkU+JGFg2O9/T1fefU0w==",
      "license": "Apache-2.0",
      "dependencies": {
        "@opentelemetry/core": "2.11.0"
      },
      "engines": {
        "node": "^18.19.0 || >=20.6.0"
      },
      "peerDependencies": {
        "@opentelemetry/api": ">=1.0.0 <1.10.0"
      }
    },
    "node_modules/@opentelemetry/propagator-jaeger": {
      "version": "2.11.0",
      "resolved": "https://registry.npmjs.org/@opentelemetry/propagator-jaeger/-/propagator-jaeger-2.11.0.tgz",
      "integrity": "sha512-RUOqgoIqXOPQTOhpBrs07Y8sBlxVoLY5Fka6ueZ0prW+k6fWQsba/nHDY4gm+gmfuwtRqbX5Y9YKhDvktjbIqQ==",
      "license": "Apache-2.0",
      "dependencies": {
        "@opentelemetry/core": "2.11.0"
      },
      "engines": {
        "node": "^18.19.0 || >=20.6.0"
      },
      "peerDependencies": {
        "@opentelemetry/api": ">=1.0.0 <1.10.0"
      }
    },
    "node_modules/@opentelemetry/propagator-ot-trace": {
      "version": "0.29.0",
      "resolved": "https://registry.npmjs.org/@opentelemetry/propagator-ot-trace/-/propagator-ot-trace-0.29.0.tgz",
      "integrity": "sha512-REkpKBhLfUo5lXHFTg5YL2ksWKnGNJsrRmF9TwuG3uH1/gbj/sVM3eWztgTgFJVGeqKGWJRQ9VsJ0GSqrgabrw==",
      "license": "Apache-2.0",
      "engines": {
        "node": "^18.19.0 || >=20.6.0"
      },
      "peerDependencies": {
        "@opentelemetry/api": "^1.0.0"
      }
    },
    "node_modules/@opentelemetry/redis-common": {
      "version": "0.38.3",
      "resolved": "https://registry.npmjs.org/@opentelemetry/redis-common/-/redis-common-0.38.3.tgz",
      "integrity": "sha512-VCghU1JYs/4gP6Gqf/xro9MEsZ7LrMv2uONVsaESKL38ZOB9BqnI98FfS23wjMnHlpuE+TTaWSoAVNpTwYXzjw==",
      "license": "Apache-2.0",
      "engines": {
        "node": "^18.19.0 || >=20.6.0"
      }
    },
    "node_modules/@opentelemetry/resource-detector-aws": {
      "version": "2.22.0",
      "resolved": "https://registry.npmjs.org/@opentelemetry/resource-detector-aws/-/resource-detector-aws-2.22.0.tgz",
      "integrity": "sha512-3kM+xfsSHs0hShUAx9IFhX5jniaXxJL3CTjbCMNCFS+EY7bswWbukV3au0jfqEgzeNxGxHEy8RLA1TOhAVLpTQ==",
      "license": "Apache-2.0",
      "dependencies": {
        "@opentelemetry/core": "^2.0.0",
        "@opentelemetry/resources": "^2.0.0",
        "@opentelemetry/semantic-conventions": "^1.27.0"
      },
      "engines": {
        "node": "^18.19.0 || >=20.6.0"
      },
      "peerDependencies": {
        "@opentelemetry/api": "^1.0.0"
      }
    },
    "node_modules/@opentelemetry/resources": {
      "version": "2.11.0",
      "resolved": "https://registry.npmjs.org/@opentelemetry/resources/-/resources-2.11.0.tgz",
      "integrity": "sha512-Ie7+8q8MDF4FAEQCKVMTx3ReUvxiIAgIiiW3c9JdmP8+HMcDy20puT+AHjexnExgnbvBxjQ9fjkFDWrikJ2jQA==",
      "license": "Apache-2.0",
      "dependencies": {
        "@opentelemetry/core": "2.11.0",
        "@opentelemetry/semantic-conventions": "^1.29.0"
      },
      "engines": {
        "node": "^18.19.0 || >=20.6.0"
      },
      "peerDependencies": {
        "@opentelemetry/api": ">=1.3.0 <1.10.0"
      }
    },
    "node_modules/@opentelemetry/sdk-logs": {
      "version": "0.222.0",
      "resolved": "https://registry.npmjs.org/@opentelemetry/sdk-logs/-/sdk-logs-0.222.0.tgz",
      "integrity": "sha512-+19YHODIjaUCArxleaJtuufFZVpz/xvvK+VllQqE+W8hHolxdoRwHfK/s667zezwh1hkx6FFF+oYzetYgqK+Bg==",
      "license": "Apache-2.0",
      "dependencies": {
        "@opentelemetry/api-logs": "0.222.0",
        "@opentelemetry/core": "2.11.0",
        "@opentelemetry/resources": "2.11.0",
        "@opentelemetry/semantic-conventions": "^1.29.0"
      },
      "engines": {
        "node": "^18.19.0 || >=20.6.0"
      },
      "peerDependencies": {
        "@opentelemetry/api": ">=1.4.0 <1.10.0"
      }
    },
    "node_modules/@opentelemetry/sdk-metrics": {
      "version": "2.11.0",
      "resolved": "https://registry.npmjs.org/@opentelemetry/sdk-metrics/-/sdk-metrics-2.11.0.tgz",
      "integrity": "sha512-7GXXcObyHyDUUSG+L+kJoquty01bzm7ivE7+SSgXXJcHuPzGviptxwARmI2c+bnnxjexGQbJnyNlN8HxBP/Y7A==",
      "license": "Apache-2.0",
      "dependencies": {
        "@opentelemetry/core": "2.11.0",
        "@opentelemetry/resources": "2.11.0"
      },
      "engines": {
        "node": "^18.19.0 || >=20.6.0"
      },
      "peerDependencies": {
        "@opentelemetry/api": ">=1.9.0 <1.10.0"
      }
    },
    "node_modules/@opentelemetry/sdk-trace": {
      "version": "2.11.0",
      "resolved": "https://registry.npmjs.org/@opentelemetry/sdk-trace/-/sdk-trace-2.11.0.tgz",
      "integrity": "sha512-fFnTqGm8/G73GQVnxYi7LXa1ZVYEUvgL6XI1LpvV0bPC7WQ/ZGgKxCSl8FnlZBKto9JHHEFTO6s6CUpvvtwFrA==",
      "license": "Apache-2.0",
      "dependencies": {
        "@opentelemetry/core": "2.11.0",
        "@opentelemetry/resources": "2.11.0",
        "@opentelemetry/semantic-conventions": "^1.29.0"
      },
      "engines": {
        "node": "^18.19.0 || >=20.6.0"
      },
      "peerDependencies": {
        "@opentelemetry/api": ">=1.3.0 <1.10.0"
      }
    },
    "node_modules/@opentelemetry/sdk-trace-base": {
      "version": "2.11.0",
      "resolved": "https://registry.npmjs.org/@opentelemetry/sdk-trace-base/-/sdk-trace-base-2.11.0.tgz",
      "integrity": "sha512-H19x/TX/LZdqiYOjM7fqtSxwlplC5pgelavqbQdHbhdq0q/AI/TGkM2dfGuuynTXmJPeF2HoZVoPDu+TGoW78A==",
      "license": "Apache-2.0",
      "dependencies": {
        "@opentelemetry/core": "2.11.0",
        "@opentelemetry/resources": "2.11.0",
        "@opentelemetry/sdk-trace": "2.11.0",
        "@opentelemetry/semantic-conventions": "^1.29.0"
      },
      "engines": {
        "node": "^18.19.0 || >=20.6.0"
      },
      "peerDependencies": {
        "@opentelemetry/api": ">=1.3.0 <1.10.0"
      }
    },
    "node_modules/@opentelemetry/sdk-trace-node": {
      "version": "2.11.0",
      "resolved": "https://registry.npmjs.org/@opentelemetry/sdk-trace-node/-/sdk-trace-node-2.11.0.tgz",
      "integrity": "sha512-CuvCMJmZxswhNLlM2LfuLOW3h3fZujA4hsG4B+Sz4dX2zvaXO8Ng74cnDHWD64gLszTlhiG3c0iNUjj4g+0/sA==",
      "license": "Apache-2.0",
      "dependencies": {
        "@opentelemetry/context-async-hooks": "2.11.0",
        "@opentelemetry/core": "2.11.0",
        "@opentelemetry/sdk-trace-base": "2.11.0"
      },
      "engines": {
        "node": "^18.19.0 || >=20.6.0"
      },
      "peerDependencies": {
        "@opentelemetry/api": ">=1.0.0 <1.10.0"
      }
    },
    "node_modules/@opentelemetry/semantic-conventions": {
      "version": "1.43.0",
      "resolved": "https://registry.npmjs.org/@opentelemetry/semantic-conventions/-/semantic-conventions-1.43.0.tgz",
      "integrity": "sha512-eSYWTm620tTk45EKSedaUL8MFYI8hW164hIXsgIHyxu3VobUB3fFCu5t0hQby6OoWRPsG1KkKUG2M5UadiLiVg==",
      "license": "Apache-2.0",
      "engines": {
        "node": ">=14"
      }
    },
    "node_modules/@opentelemetry/sql-common": {
      "version": "0.42.0",
      "resolved": "https://registry.npmjs.org/@opentelemetry/sql-common/-/sql-common-0.42.0.tgz",
      "integrity": "sha512-nwUwUU+8O8a4bnLqk6CodWeegGMEANgC94KTAhXcpGWLrW/2/hek/0ajNbjXnSOoNuCX+nteUPs46HFHhou9Xw==",
      "license": "Apache-2.0",
      "dependencies": {
        "@opentelemetry/core": "^2.0.0"
      },
      "engines": {
        "node": "^18.19.0 || >=20.6.0"
      },
      "peerDependencies": {
        "@opentelemetry/api": "^1.1.0"
      }
    },
    "node_modules/@types/aws-lambda": {
      "version": "8.10.159",
      "resolved": "https://registry.npmjs.org/@types/aws-lambda/-/aws-lambda-8.10.159.tgz",
      "integrity": "sha512-SAP22WSGNN12OQ8PlCzGzRCZ7QDCwI85dQZbmpz7+mAk+L7j+wI7qnvmdKh+o7A5LaOp6QnOZ2NJphAZQTTHQg==",
      "license": "MIT"
    },
    "node_modules/@types/node": {
      "version": "25.3.5",
      "resolved": "https://registry.npmjs.org/@types/node/-/node-25.3.5.tgz",
      "integrity": "sha512-oX8xrhvpiyRCQkG1MFchB09f+cXftgIXb3a7UUa4Y3wpmZPw5tyZGTLWhlESOLq1Rq6oDlc8npVU2/9xiCuXMA==",
      "license": "MIT",
      "dependencies": {
        "undici-types": "~7.18.0"
      }
    },
    "node_modules/@types/pg": {
      "version": "8.15.6",
      "resolved": "https://registry.npmjs.org/@types/pg/-/pg-8.15.6.tgz",
      "integrity": "sha512-NoaMtzhxOrubeL/7UZuNTrejB4MPAJ0RpxZqXQf2qXuVlTPuG6Y8p4u9dKRaue4yjmC7ZhzVO2/Yyyn25znrPQ==",
      "license": "MIT",
      "dependencies": {
        "@types/node": "*",
        "pg-protocol": "*",
        "pg-types": "^2.2.0"
      }
    },
    "node_modules/@types/pg-pool": {
      "version": "2.0.7",
      "resolved": "https://registry.npmjs.org/@types/pg-pool/-/pg-pool-2.0.7.tgz",
      "integrity": "sha512-U4CwmGVQcbEuqpyju8/ptOKg6gEC+Tqsvj2xS9o1g71bUh8twxnC6ZL5rZKCsGN0iyH0CwgUyc9VR5owNQF9Ng==",
      "license": "MIT",
      "dependencies": {
        "@types/pg": "*"
      }
    },
    "node_modules/cjs-module-lexer": {
      "version": "2.2.0",
      "resolved": "https://registry.npmjs.org/cjs-module-lexer/-/cjs-module-lexer-2.2.0.tgz",
      "integrity": "sha512-4bHTS2YuzUvtoLjdy+98ykbNB5jS0+07EvFNXerqZQJ89F7DI6ET7OQo/HJuW6K0aVsKA9hj9/RVb2kQVOrPDQ==",
      "license": "MIT"
    },
    "node_modules/cx-wrapper": {
      "version": "0.0.1",
      "resolved": "file:../cx-wrapper/cx-wrapper-0.0.1.tgz",
      "integrity": "sha512-4hE9J6kCfj/5NV+fPhwwMsLKqbHIgn0pDfmVTOD7rgZ9clPc4KT/epOye9FHkVygYPzRs0qbCTljJnDxGY+nrg==",
      "dependencies": {
        "@opentelemetry/api": "1.9.1",
        "@opentelemetry/auto-configuration-propagators": "0.4.6",
        "@opentelemetry/core": "2.11.0",
        "@opentelemetry/exporter-metrics-otlp-proto": "0.222.0",
        "@opentelemetry/exporter-trace-otlp-proto": "0.222.0",
        "@opentelemetry/instrumentation": "file:../../../../opentelemetry-js/experimental/packages/opentelemetry-instrumentation/opentelemetry-instrumentation-0.222.0.tgz",
        "@opentelemetry/instrumentation-aws-lambda": "file:../../../../opentelemetry-js-contrib-cx/packages/instrumentation-aws-lambda/opentelemetry-instrumentation-aws-lambda-0.74.0.tgz",
        "@opentelemetry/instrumentation-aws-sdk": "file:../../../../opentelemetry-js-contrib-cx/packages/instrumentation-aws-sdk/opentelemetry-instrumentation-aws-sdk-0.77.0.tgz",
        "@opentelemetry/instrumentation-dns": "0.65.0",
        "@opentelemetry/instrumentation-express": "0.70.0",
        "@opentelemetry/instrumentation-graphql": "0.70.0",
        "@opentelemetry/instrumentation-grpc": "0.222.0",
        "@opentelemetry/instrumentation-hapi": "0.68.0",
        "@opentelemetry/instrumentation-http": "0.222.0",
        "@opentelemetry/instrumentation-ioredis": "0.70.0",
        "@opentelemetry/instrumentation-koa": "0.70.0",
        "@opentelemetry/instrumentation-mongodb": "file:../../../../opentelemetry-js-contrib-cx/packages/instrumentation-mongodb/opentelemetry-instrumentation-mongodb-0.75.0.tgz",
        "@opentelemetry/instrumentation-mysql": "0.68.0",
        "@opentelemetry/instrumentation-net": "0.66.0",
        "@opentelemetry/instrumentation-pg": "0.74.0",
        "@opentelemetry/instrumentation-redis": "0.70.0",
        "@opentelemetry/propagator-aws-xray": "2.2.0",
        "@opentelemetry/propagator-b3": "2.11.0",
        "@opentelemetry/propagator-jaeger": "2.11.0",
        "@opentelemetry/resource-detector-aws": "2.22.0",
        "@opentelemetry/resources": "2.11.0",
        "@opentelemetry/sdk-metrics": "2.11.0",
        "@opentelemetry/sdk-trace-base": "2.11.0",
        "@opentelemetry/sdk-trace-node": "2.11.0",
        "@opentelemetry/semantic-conventions": "1.43.0",
        "import-in-the-middle": "3.3.1"
      },
      "engines": {
        "node": ">=16.0.0"
      }
    },
    "node_modules/debug": {
      "version": "4.4.3",
      "resolved": "https://registry.npmjs.org/debug/-/debug-4.4.3.tgz",
      "integrity": "sha512-RGwwWnwQvkVfavKVt22FGLw+xYSdzARwm0ru6DhTVA3umU5hZc28V3kO4stgYryrTlLpuvgI9GiijltAjNbcqA==",
      "license": "MIT",
      "dependencies": {
        "ms": "^2.1.3"
      },
      "engines": {
        "node": ">=6.0"
      },
      "peerDependenciesMeta": {
        "supports-color": {
          "optional": true
        }
      }
    },
    "node_modules/es-module-lexer": {
      "version": "2.3.1",
      "resolved": "https://registry.npmjs.org/es-module-lexer/-/es-module-lexer-2.3.1.tgz",
      "integrity": "sha512-shc1dbU90Yl/xq1QrC7QRtfcwURZuVRfPhZbDoldJ1cn1gzDvBaBWlv0eFolj5+0znnPJz5TXLxsN77X/12KTA==",
      "license": "MIT"
    },
    "node_modules/forwarded-parse": {
      "version": "2.1.2",
      "resolved": "https://registry.npmjs.org/forwarded-parse/-/forwarded-parse-2.1.2.tgz",
      "integrity": "sha512-alTFZZQDKMporBH77856pXgzhEzaUVmLCDk+egLgIgHst3Tpndzz8MnKe+GzRJRfvVdn69HhpW7cmXzvtLvJAw=="
    },
    "node_modules/import-in-the-middle": {
      "version": "3.3.1",
      "resolved": "https://registry.npmjs.org/import-in-the-middle/-/import-in-the-middle-3.3.1.tgz",
      "integrity": "sha512-0rymlHSFLwZ0ixx8DaQkoIyZojJPY2a0K2nEYslhKJ6jIYO/m0IcCb7iQsFPmS7WmKwISZiIrv5Icstrw/CmqA==",
      "license": "Apache-2.0",
      "dependencies": {
        "cjs-module-lexer": "^2.2.0",
        "es-module-lexer": "^2.2.0",
        "module-details-from-path": "^1.0.4"
      },
      "engines": {
        "node": ">=18"
      }
    },
    "node_modules/module-details-from-path": {
      "version": "1.0.4",
      "resolved": "https://registry.npmjs.org/module-details-from-path/-/module-details-from-path-1.0.4.tgz",
      "integrity": "sha512-EGWKgxALGMgzvxYF1UyGTy0HXX/2vHLkw6+NvDKW2jypWbHpjQuj4UMcqQWXHERJhVGKikolT06G3bcKe4fi7w==",
      "license": "MIT"
    },
    "node_modules/ms": {
      "version": "2.1.3",
      "resolved": "https://registry.npmjs.org/ms/-/ms-2.1.3.tgz",
      "integrity": "sha512-6FlzubTLZG3J2a/NVCAleEhjzq5oxgHyaCU9yYXvcLsvoVaHJq/s5xXI6/XXP6tz7R9xAOtHnSO/tXtF3WRTlA==",
      "license": "MIT"
    },
    "node_modules/pg-int8": {
      "version": "1.0.1",
      "resolved": "https://registry.npmjs.org/pg-int8/-/pg-int8-1.0.1.tgz",
      "integrity": "sha512-WCtabS6t3c8SkpDBUlb1kjOs7l66xsGdKpIPZsg4wR+B3+u9UAum2odSsF9tnvxg80h4ZxLWMy4pRjOsFIqQpw==",
      "license": "ISC",
      "engines": {
        "node": ">=4.0.0"
      }
    },
    "node_modules/pg-protocol": {
      "version": "1.13.0",
      "resolved": "https://registry.npmjs.org/pg-protocol/-/pg-protocol-1.13.0.tgz",
      "integrity": "sha512-zzdvXfS6v89r6v7OcFCHfHlyG/wvry1ALxZo4LqgUoy7W9xhBDMaqOuMiF3qEV45VqsN6rdlcehHrfDtlCPc8w==",
      "license": "MIT"
    },
    "node_modules/pg-types": {
      "version": "2.2.0",
      "resolved": "https://registry.npmjs.org/pg-types/-/pg-types-2.2.0.tgz",
      "integrity": "sha512-qTAAlrEsl8s4OiEQY69wDvcMIdQN6wdz5ojQiOy6YRMuynxenON0O5oCpJI6lshc6scgAY8qvJ2On/p+CXY0GA==",
      "license": "MIT",
      "dependencies": {
        "pg-int8": "1.0.1",
        "postgres-array": "~2.0.0",
        "postgres-bytea": "~1.0.0",
        "postgres-date": "~1.0.4",
        "postgres-interval": "^1.1.0"
      },
      "engines": {
        "node": ">=4"
      }
    },
    "node_modules/postgres-array": {
      "version": "2.0.0",
      "resolved": "https://registry.npmjs.org/postgres-array/-/postgres-array-2.0.0.tgz",
      "integrity": "sha512-VpZrUqU5A69eQyW2c5CA1jtLecCsN2U/bD6VilrFDWq5+5UIEVO7nazS3TEcHf1zuPYO/sqGvUvW62g86RXZuA==",
      "license": "MIT",
      "engines": {
        "node": ">=4"
      }
    },
    "node_modules/postgres-bytea": {
      "version": "1.0.1",
      "resolved": "https://registry.npmjs.org/postgres-bytea/-/postgres-bytea-1.0.1.tgz",
      "integrity": "sha512-5+5HqXnsZPE65IJZSMkZtURARZelel2oXUEO8rH83VS/hxH5vv1uHquPg5wZs8yMAfdv971IU+kcPUczi7NVBQ==",
      "license": "MIT",
      "engines": {
        "node": ">=0.10.0"
      }
    },
    "node_modules/postgres-date": {
      "version": "1.0.7",
      "resolved": "https://registry.npmjs.org/postgres-date/-/postgres-date-1.0.7.tgz",
      "integrity": "sha512-suDmjLVQg78nMK2UZ454hAG+OAW+HQPZ6n++TNDUX+L0+uUlLywnoxJKDou51Zm+zTCjrCl0Nq6J9C5hP9vK/Q==",
      "license": "MIT",
      "engines": {
        "node": ">=0.10.0"
      }
    },
    "node_modules/postgres-interval": {
      "version": "1.2.0",
      "resolved": "https://registry.npmjs.org/postgres-interval/-/postgres-interval-1.2.0.tgz",
      "integrity": "sha512-9ZhXKM/rw350N1ovuWHbGxnGh/SNJ4cnxHiM0rxE4VN41wsg8P8zWn9hv/buK00RP4WvlOyr/RBDiptyxVbkZQ==",
      "license": "MIT",
      "dependencies": {
        "xtend": "^4.0.0"
      },
      "engines": {
        "node": ">=0.10.0"
      }
    },
    "node_modules/require-in-the-middle": {
      "version": "8.0.1",
      "resolved": "https://registry.npmjs.org/require-in-the-middle/-/require-in-the-middle-8.0.1.tgz",
      "integrity": "sha512-QT7FVMXfWOYFbeRBF6nu+I6tr2Tf3u0q8RIEjNob/heKY/nh7drD/k7eeMFmSQgnTtCzLDcCu/XEnpW2wk4xCQ==",
      "license": "MIT",
      "dependencies": {
        "debug": "^4.3.5",
        "module-details-from-path": "^1.0.3"
      },
      "engines": {
        "node": ">=9.3.0 || >=8.10.0 <9.0.0"
      }
    },
    "node_modules/undici-types": {
      "version": "7.18.2",
      "resolved": "https://registry.npmjs.org/undici-types/-/undici-types-7.18.2.tgz",
      "integrity": "sha512-AsuCzffGHJybSaRrmr5eHr81mwJU3kjw6M+uprWvCXiNeN9SOGwQ3Jn8jb8m3Z6izVgknn1R0FTCEAP2QrLY/w==",
      "license": "MIT"
    },
    "node_modules/xtend": {
      "version": "4.0.2",
      "resolved": "https://registry.npmjs.org/xtend/-/xtend-4.0.2.tgz",
      "integrity": "sha512-LKYU1iAXJXUgAXn9URjiu+MWhyUXHsvfp7mcuYm9dSUKK0/CjtrUwFAxD82/mCWbtLsGjFIad0wIsod4zrTAEQ==",
      "license": "MIT",
      "engines": {
        "node": ">=0.4"
      }
    }
  }
}
