{
  "name": "cx-wrapper",
  "version": "0.0.1",
  "lockfileVersion": 3,
  "requires": true,
  "packages": {
    "": {
      "name": "cx-wrapper",
      "version": "0.0.1",
      "dependencies": {
        "@opentelemetry/api": "1.9.1",
        "@opentelemetry/auto-configuration-propagators": "0.4.6",
        "@opentelemetry/core": "2.10.0",
        "@opentelemetry/exporter-metrics-otlp-proto": "0.221.0",
        "@opentelemetry/exporter-trace-otlp-proto": "0.221.0",
        "@opentelemetry/instrumentation": "file:../../../../opentelemetry-js/experimental/packages/opentelemetry-instrumentation/opentelemetry-instrumentation-0.221.0.tgz",
        "@opentelemetry/instrumentation-aws-lambda": "file:../../../../opentelemetry-js-contrib-cx/packages/instrumentation-aws-lambda/opentelemetry-instrumentation-aws-lambda-0.73.0.tgz",
        "@opentelemetry/instrumentation-aws-sdk": "file:../../../../opentelemetry-js-contrib-cx/packages/instrumentation-aws-sdk/opentelemetry-instrumentation-aws-sdk-0.76.0.tgz",
        "@opentelemetry/instrumentation-dns": "0.64.0",
        "@opentelemetry/instrumentation-express": "0.69.0",
        "@opentelemetry/instrumentation-graphql": "0.69.0",
        "@opentelemetry/instrumentation-grpc": "0.221.0",
        "@opentelemetry/instrumentation-hapi": "0.67.0",
        "@opentelemetry/instrumentation-http": "0.221.0",
        "@opentelemetry/instrumentation-ioredis": "0.69.0",
        "@opentelemetry/instrumentation-koa": "0.69.0",
        "@opentelemetry/instrumentation-mongodb": "file:../../../../opentelemetry-js-contrib-cx/packages/instrumentation-mongodb/opentelemetry-instrumentation-mongodb-0.74.0.tgz",
        "@opentelemetry/instrumentation-mysql": "0.67.0",
        "@opentelemetry/instrumentation-net": "0.65.0",
        "@opentelemetry/instrumentation-pg": "0.73.0",
        "@opentelemetry/instrumentation-redis": "0.69.0",
        "@opentelemetry/propagator-aws-xray": "2.2.0",
        "@opentelemetry/propagator-b3": "2.10.0",
        "@opentelemetry/propagator-jaeger": "2.10.0",
        "@opentelemetry/resource-detector-aws": "2.21.0",
        "@opentelemetry/resources": "2.10.0",
        "@opentelemetry/sdk-metrics": "2.10.0",
        "@opentelemetry/sdk-trace-base": "2.10.0",
        "@opentelemetry/sdk-trace-node": "2.10.0",
        "@opentelemetry/semantic-conventions": "1.43.0",
        "import-in-the-middle": "3.3.1"
      },
      "engines": {
        "node": ">=16.0.0"
      }
    },
    "node_modules/@opentelemetry/api": {
      "version": "1.9.1",
      "resolved": "https://registry.npmjs.org/@opentelemetry/api/-/api-1.9.1.tgz",
      "integrity": "sha512-gLyJlPHPZYdAk1JENA9LeHejZe1Ti77/pTeFm/nMXmQH/HFZlcS/O2XJB+L8fkbrNSqhdtlvjBVjxwUYanNH5Q==",
      "license": "Apache-2.0",
      "engines": {
        "node": ">=8.0.0"
      }
    },
    "node_modules/@opentelemetry/api-logs": {
      "version": "0.221.0",
      "resolved": "https://registry.npmjs.org/@opentelemetry/api-logs/-/api-logs-0.221.0.tgz",
      "integrity": "sha512-OlanaW1vv7ufTqQ3/fPLI4arGt5ZoM+P8abOMki6uEYnpRazepSWDwDnnw+la7kE26SHVC18//SMccrDvLKOXQ==",
      "license": "Apache-2.0",
      "dependencies": {
        "@opentelemetry/api": "^1.3.0"
      },
      "engines": {
        "node": ">=8.0.0"
      }
    },
    "node_modules/@opentelemetry/auto-configuration-propagators": {
      "version": "0.4.6",
      "resolved": "https://registry.npmjs.org/@opentelemetry/auto-configuration-propagators/-/auto-configuration-propagators-0.4.6.tgz",
      "integrity": "sha512-bF8P+6YsEQmeYpkVv35uIIpvBFPqZ4CYL8HAeXa1o2a7vzwsChHcfV6Lae5yRKR5Rfqyy7JEeLcTUPPOK6y5PA==",
      "license": "Apache-2.0",
      "dependencies": {
        "@opentelemetry/core": "^2.0.0",
        "@opentelemetry/propagator-aws-xray": "^2.2.0",
        "@opentelemetry/propagator-aws-xray-lambda": "^0.56.0",
        "@opentelemetry/propagator-b3": "^2.0.0",
        "@opentelemetry/propagator-jaeger": "^2.0.0",
        "@opentelemetry/propagator-ot-trace": "^0.29.0"
      },
      "engines": {
        "node": "^18.19.0 || >=20.6.0"
      },
      "peerDependencies": {
        "@opentelemetry/api": "^1.4.1"
      }
    },
    "node_modules/@opentelemetry/context-async-hooks": {
      "version": "2.10.0",
      "resolved": "https://registry.npmjs.org/@opentelemetry/context-async-hooks/-/context-async-hooks-2.10.0.tgz",
      "integrity": "sha512-bvyMcgLEkozzSzpEEEo1OMoeQ97bxj6Qs2uN3mPrSdDvObMI1myffD/BPqcLlzZO9//d1SqQA/WPw7Cz2AiqhA==",
      "license": "Apache-2.0",
      "engines": {
        "node": "^18.19.0 || >=20.6.0"
      },
      "peerDependencies": {
        "@opentelemetry/api": ">=1.0.0 <1.10.0"
      }
    },
    "node_modules/@opentelemetry/core": {
      "version": "2.10.0",
      "resolved": "https://registry.npmjs.org/@opentelemetry/core/-/core-2.10.0.tgz",
      "integrity": "sha512-/wNZ8twnEQQA4HoHu22+vcsdru6pWPWxW+7w+FlxT6Id7PE/WIbZmVKkte+PF72e0F2dnImFeHD2syyE1Mw6MQ==",
      "license": "Apache-2.0",
      "dependencies": {
        "@opentelemetry/semantic-conventions": "^1.29.0"
      },
      "engines": {
        "node": "^18.19.0 || >=20.6.0"
      },
      "peerDependencies": {
        "@opentelemetry/api": ">=1.0.0 <1.10.0"
      }
    },
    "node_modules/@opentelemetry/exporter-metrics-otlp-http": {
      "version": "0.221.0",
      "resolved": "https://registry.npmjs.org/@opentelemetry/exporter-metrics-otlp-http/-/exporter-metrics-otlp-http-0.221.0.tgz",
      "integrity": "sha512-sRfCKbOzgy8xZQV2as0RzIZlnCmCseCKZGLfRcrpo2CBngJDr+rPtX0zkG0+oUCV5kfQPUoW3W3C96Ag3Y/Clg==",
      "license": "Apache-2.0",
      "dependencies": {
        "@opentelemetry/core": "2.10.0",
        "@opentelemetry/otlp-exporter-base": "0.221.0",
        "@opentelemetry/otlp-transformer": "0.221.0",
        "@opentelemetry/resources": "2.10.0",
        "@opentelemetry/sdk-metrics": "2.10.0"
      },
      "engines": {
        "node": "^18.19.0 || >=20.6.0"
      },
      "peerDependencies": {
        "@opentelemetry/api": "^1.3.0"
      }
    },
    "node_modules/@opentelemetry/exporter-metrics-otlp-proto": {
      "version": "0.221.0",
      "resolved": "https://registry.npmjs.org/@opentelemetry/exporter-metrics-otlp-proto/-/exporter-metrics-otlp-proto-0.221.0.tgz",
      "integrity": "sha512-YMF4LveY2I3yhw61rn6nmC9FE8U24IZHPeKU1Duc5+sbwjMd8FwZAwba318ImdThCg/HuVQvhm2y6bfgNPnfYg==",
      "license": "Apache-2.0",
      "dependencies": {
        "@opentelemetry/exporter-metrics-otlp-http": "0.221.0",
        "@opentelemetry/otlp-exporter-base": "0.221.0",
        "@opentelemetry/otlp-transformer": "0.221.0"
      },
      "engines": {
        "node": "^18.19.0 || >=20.6.0"
      },
      "peerDependencies": {
        "@opentelemetry/api": "^1.3.0"
      }
    },
    "node_modules/@opentelemetry/exporter-trace-otlp-proto": {
      "version": "0.221.0",
      "resolved": "https://registry.npmjs.org/@opentelemetry/exporter-trace-otlp-proto/-/exporter-trace-otlp-proto-0.221.0.tgz",
      "integrity": "sha512-Z9i2T7vgZbWe9rSLYxXVIbeW+XyzUq4rZanW3ZyVNwVDqCsh0EJKUgBWWQ0CZfeuUA+RQPzKgJQHMuWAUnKqXw==",
      "license": "Apache-2.0",
      "dependencies": {
        "@opentelemetry/otlp-exporter-base": "0.221.0",
        "@opentelemetry/otlp-transformer": "0.221.0",
        "@opentelemetry/sdk-trace": "2.10.0"
      },
      "engines": {
        "node": "^18.19.0 || >=20.6.0"
      },
      "peerDependencies": {
        "@opentelemetry/api": "^1.3.0"
      }
    },
    "node_modules/@opentelemetry/instrumentation": {
      "version": "0.221.0",
      "resolved": "file:../../../../opentelemetry-js/experimental/packages/opentelemetry-instrumentation/opentelemetry-instrumentation-0.221.0.tgz",
      "integrity": "sha512-XXukQY1Vg9kJwMv6Job7hnrSyTEGkaTtjXrArW04Kh1HUqjTnZoyGa+zhkQSdhf9FgXZWtakLlv46mK5eXyTyg==",
      "license": "Apache-2.0",
      "dependencies": {
        "@opentelemetry/api-logs": "0.221.0",
        "import-in-the-middle": "^3.0.0",
        "require-in-the-middle": "^8.0.0"
      },
      "engines": {
        "node": "^18.19.0 || >=20.6.0"
      },
      "peerDependencies": {
        "@opentelemetry/api": "^1.3.0"
      }
    },
    "node_modules/@opentelemetry/instrumentation-aws-lambda": {
      "version": "0.73.0",
      "resolved": "file:../../../../opentelemetry-js-contrib-cx/packages/instrumentation-aws-lambda/opentelemetry-instrumentation-aws-lambda-0.73.0.tgz",
      "integrity": "sha512-cKSy0IZF27RzPiCsp0JOD1rRxAmdb8fm45zRAWMQuiy9dExjf4jExjuyp2QYhz8D489X0dX3dCkesZhJ5T1Hpg==",
      "license": "Apache-2.0",
      "dependencies": {
        "@opentelemetry/instrumentation": "^0.221.0",
        "@opentelemetry/propagator-aws-xray": "^2.2.0",
        "@opentelemetry/semantic-conventions": "^1.27.0",
        "@types/aws-lambda": "^8.10.155"
      },
      "engines": {
        "node": "^18.19.0 || >=20.6.0"
      },
      "peerDependencies": {
        "@opentelemetry/api": "^1.3.0"
      }
    },
    "node_modules/@opentelemetry/instrumentation-aws-sdk": {
      "version": "0.76.0",
      "resolved": "file:../../../../opentelemetry-js-contrib-cx/packages/instrumentation-aws-sdk/opentelemetry-instrumentation-aws-sdk-0.76.0.tgz",
      "integrity": "sha512-JRY5VeHLbVlNgGrJhToIMLDhUJIwnTyOpbQMiKN9JEBOGfBPDwXTlEDlIdGaSkC7ydS/Sm8empVQPc8u0OAaVQ==",
      "license": "Apache-2.0",
      "dependencies": {
        "@opentelemetry/core": "^2.0.0",
        "@opentelemetry/instrumentation": "^0.221.0",
        "@opentelemetry/semantic-conventions": "^1.34.0"
      },
      "engines": {
        "node": "^18.19.0 || >=20.6.0"
      },
      "peerDependencies": {
        "@opentelemetry/api": "^1.3.0"
      }
    },
    "node_modules/@opentelemetry/instrumentation-dns": {
      "version": "0.64.0",
      "resolved": "https://registry.npmjs.org/@opentelemetry/instrumentation-dns/-/instrumentation-dns-0.64.0.tgz",
      "integrity": "sha512-La6s9SdKgojZQVFD7AclQBYe3WioVe6zicJswM3QPPPHpCufJYnw8rO/G9o2Yl/OUeS7PYpzwHh4N6lexzbEcA==",
      "license": "Apache-2.0",
      "dependencies": {
        "@opentelemetry/instrumentation": "^0.221.0"
      },
      "engines": {
        "node": "^18.19.0 || >=20.6.0"
      },
      "peerDependencies": {
        "@opentelemetry/api": "^1.3.0"
      }
    },
    "node_modules/@opentelemetry/instrumentation-express": {
      "version": "0.69.0",
      "resolved": "https://registry.npmjs.org/@opentelemetry/instrumentation-express/-/instrumentation-express-0.69.0.tgz",
      "integrity": "sha512-91pHMujQgDyhEQrdg8RriMBrRZ/qPaJ0Y2dopQ6lHjW5YjoeytWi8ruM//T6f5o0D95hnqRlv79Pel1lGPqaYg==",
      "license": "Apache-2.0",
      "dependencies": {
        "@opentelemetry/core": "^2.9.0",
        "@opentelemetry/instrumentation": "^0.221.0",
        "@opentelemetry/semantic-conventions": "^1.27.0"
      },
      "engines": {
        "node": "^18.19.0 || >=20.6.0"
      },
      "peerDependencies": {
        "@opentelemetry/api": "^1.3.0"
      }
    },
    "node_modules/@opentelemetry/instrumentation-graphql": {
      "version": "0.69.0",
      "resolved": "https://registry.npmjs.org/@opentelemetry/instrumentation-graphql/-/instrumentation-graphql-0.69.0.tgz",
      "integrity": "sha512-vyKzuiBoEulV1FjMSe4iiuwZedt+nNAuaSVOh/3WxjDIuGQ9WsH+0ohd9snhIY6guAjYOGjqvTiYLs6K+OTQQg==",
      "license": "Apache-2.0",
      "dependencies": {
        "@opentelemetry/instrumentation": "^0.221.0"
      },
      "engines": {
        "node": "^18.19.0 || >=20.6.0"
      },
      "peerDependencies": {
        "@opentelemetry/api": "^1.3.0"
      }
    },
    "node_modules/@opentelemetry/instrumentation-grpc": {
      "version": "0.221.0",
      "resolved": "https://registry.npmjs.org/@opentelemetry/instrumentation-grpc/-/instrumentation-grpc-0.221.0.tgz",
      "integrity": "sha512-1U45172SiPWG1MPfrgLItIuXZO/RfJqt5sxsrdlKN1NRV0pUtv7lbpgB1nShwP/SGSKaAFkovbVg3a1hfy3mpQ==",
      "license": "Apache-2.0",
      "dependencies": {
        "@opentelemetry/instrumentation": "0.221.0",
        "@opentelemetry/semantic-conventions": "^1.29.0"
      },
      "engines": {
        "node": "^18.19.0 || >=20.6.0"
      },
      "peerDependencies": {
        "@opentelemetry/api": "^1.3.0"
      }
    },
    "node_modules/@opentelemetry/instrumentation-hapi": {
      "version": "0.67.0",
      "resolved": "https://registry.npmjs.org/@opentelemetry/instrumentation-hapi/-/instrumentation-hapi-0.67.0.tgz",
      "integrity": "sha512-cIXIN4vZXm6aI4yz+4oUIRnkiAxCIpONrMhnGTI+ILKKEsIXP8Uselfr9663+TnisrgRLB7kKp+SoOuGJRHGtw==",
      "license": "Apache-2.0",
      "dependencies": {
        "@opentelemetry/core": "^2.9.0",
        "@opentelemetry/instrumentation": "^0.221.0",
        "@opentelemetry/semantic-conventions": "^1.27.0"
      },
      "engines": {
        "node": "^18.19.0 || >=20.6.0"
      },
      "peerDependencies": {
        "@opentelemetry/api": "^1.3.0"
      }
    },
    "node_modules/@opentelemetry/instrumentation-http": {
      "version": "0.221.0",
      "resolved": "https://registry.npmjs.org/@opentelemetry/instrumentation-http/-/instrumentation-http-0.221.0.tgz",
      "integrity": "sha512-oIP91CPIANuYr09tGFElPFKAh6JUar+awJf1kBRYlaeo9b0gDwZHEB2zBfFlvdNFHm0wAVutMZODVi5smKT30g==",
      "license": "Apache-2.0",
      "dependencies": {
        "@opentelemetry/core": "2.10.0",
        "@opentelemetry/instrumentation": "0.221.0",
        "@opentelemetry/semantic-conventions": "^1.29.0",
        "forwarded-parse": "2.1.2"
      },
      "engines": {
        "node": "^18.19.0 || >=20.6.0"
      },
      "peerDependencies": {
        "@opentelemetry/api": "^1.3.0"
      }
    },
    "node_modules/@opentelemetry/instrumentation-ioredis": {
      "version": "0.69.0",
      "resolved": "https://registry.npmjs.org/@opentelemetry/instrumentation-ioredis/-/instrumentation-ioredis-0.69.0.tgz",
      "integrity": "sha512-I9sZtxXWZ1tRXtRNTEVxpokGtXy6RL1SZhtPVh7zxH78t8ar71V5Dx4bnQiUjKTDzItpC73krD8c0/cEWA9oLg==",
      "license": "Apache-2.0",
      "dependencies": {
        "@opentelemetry/instrumentation": "^0.221.0",
        "@opentelemetry/redis-common": "^0.38.3",
        "@opentelemetry/semantic-conventions": "^1.33.0"
      },
      "engines": {
        "node": "^18.19.0 || >=20.6.0"
      },
      "peerDependencies": {
        "@opentelemetry/api": "^1.3.0"
      }
    },
    "node_modules/@opentelemetry/instrumentation-koa": {
      "version": "0.69.0",
      "resolved": "https://registry.npmjs.org/@opentelemetry/instrumentation-koa/-/instrumentation-koa-0.69.0.tgz",
      "integrity": "sha512-fxuA8jFOdqQzJV9Sitd0dk+zns7RQCFe19ia3LHex5oLiQPaaQovBv37jndX/zAZw6EBORATePHE8OQUwraPCQ==",
      "license": "Apache-2.0",
      "dependencies": {
        "@opentelemetry/core": "^2.9.0",
        "@opentelemetry/instrumentation": "^0.221.0",
        "@opentelemetry/semantic-conventions": "^1.36.0"
      },
      "engines": {
        "node": "^18.19.0 || >=20.6.0"
      },
      "peerDependencies": {
        "@opentelemetry/api": "^1.9.0"
      }
    },
    "node_modules/@opentelemetry/instrumentation-mongodb": {
      "version": "0.74.0",
      "resolved": "file:../../../../opentelemetry-js-contrib-cx/packages/instrumentation-mongodb/opentelemetry-instrumentation-mongodb-0.74.0.tgz",
      "integrity": "sha512-Na/VaQZGxReJOQgco3mUh5oGn3dM6eEZsrxXTwzhJxbj4fCOdEMxztc57Re5mVC/v91LwYVNNNbX90HaPT6K7w==",
      "license": "Apache-2.0",
      "dependencies": {
        "@opentelemetry/instrumentation": "^0.221.0",
        "@opentelemetry/semantic-conventions": "^1.33.0"
      },
      "engines": {
        "node": "^18.19.0 || >=20.6.0"
      },
      "peerDependencies": {
        "@opentelemetry/api": "^1.3.0"
      }
    },
    "node_modules/@opentelemetry/instrumentation-mysql": {
      "version": "0.67.0",
      "resolved": "https://registry.npmjs.org/@opentelemetry/instrumentation-mysql/-/instrumentation-mysql-0.67.0.tgz",
      "integrity": "sha512-G4aRrVKcd2Aodqi7WzRZ3LQJNKrM8BpsXEVMHrOb9s8Lg0jZXNvlLY0NWL1yVJrjnqI/unwEsp2aVHkVImPMeA==",
      "license": "Apache-2.0",
      "dependencies": {
        "@opentelemetry/instrumentation": "^0.221.0",
        "@opentelemetry/semantic-conventions": "^1.33.0",
        "@types/mysql": "2.15.27"
      },
      "engines": {
        "node": "^18.19.0 || >=20.6.0"
      },
      "peerDependencies": {
        "@opentelemetry/api": "^1.3.0"
      }
    },
    "node_modules/@opentelemetry/instrumentation-net": {
      "version": "0.65.0",
      "resolved": "https://registry.npmjs.org/@opentelemetry/instrumentation-net/-/instrumentation-net-0.65.0.tgz",
      "integrity": "sha512-W82H8UvaSrWynpI510CNJbq2Aq6L4/zuR/dAvoCZVYeRiChi0LHMI8i3rPe3Tmau2WBwE0jimaWgOs0GCfIHbQ==",
      "license": "Apache-2.0",
      "dependencies": {
        "@opentelemetry/instrumentation": "^0.221.0",
        "@opentelemetry/semantic-conventions": "^1.33.0"
      },
      "engines": {
        "node": "^18.19.0 || >=20.6.0"
      },
      "peerDependencies": {
        "@opentelemetry/api": "^1.3.0"
      }
    },
    "node_modules/@opentelemetry/instrumentation-pg": {
      "version": "0.73.0",
      "resolved": "https://registry.npmjs.org/@opentelemetry/instrumentation-pg/-/instrumentation-pg-0.73.0.tgz",
      "integrity": "sha512-yf3tBVwLHB9cZNNPSToNrthx36ouPe4FctFxy7ya6vSJ6gaiKjNfA/IgFFeuBpZflEQhy6aesPqzZo8ZjFkvNg==",
      "license": "Apache-2.0",
      "dependencies": {
        "@opentelemetry/core": "^2.9.0",
        "@opentelemetry/instrumentation": "^0.221.0",
        "@opentelemetry/semantic-conventions": "^1.34.0",
        "@opentelemetry/sql-common": "^0.42.0",
        "@types/pg": "8.15.6",
        "@types/pg-pool": "2.0.7"
      },
      "engines": {
        "node": "^18.19.0 || >=20.6.0"
      },
      "peerDependencies": {
        "@opentelemetry/api": "^1.3.0"
      }
    },
    "node_modules/@opentelemetry/instrumentation-redis": {
      "version": "0.69.0",
      "resolved": "https://registry.npmjs.org/@opentelemetry/instrumentation-redis/-/instrumentation-redis-0.69.0.tgz",
      "integrity": "sha512-lyCIEW89cYhMwaUSMBzsKHdwH2wOoqmuwXOARJneo9UL55govLIUCbYYAJ457oM8kdKADymlY4+SUW0DKQeIHw==",
      "license": "Apache-2.0",
      "dependencies": {
        "@opentelemetry/instrumentation": "^0.221.0",
        "@opentelemetry/redis-common": "^0.38.3",
        "@opentelemetry/semantic-conventions": "^1.27.0"
      },
      "engines": {
        "node": "^18.19.0 || >=20.6.0"
      },
      "peerDependencies": {
        "@opentelemetry/api": "^1.3.0"
      }
    },
    "node_modules/@opentelemetry/otlp-exporter-base": {
      "version": "0.221.0",
      "resolved": "https://registry.npmjs.org/@opentelemetry/otlp-exporter-base/-/otlp-exporter-base-0.221.0.tgz",
      "integrity": "sha512-UFPIq80OH3Ns/oPFHRj14d4DTOxUo+MUFU8hUiCq5jTqFhdeJnfVSANHT+xp92409cA+oxzvlZCe6NM1wvCuBA==",
      "license": "Apache-2.0",
      "dependencies": {
        "@opentelemetry/core": "2.10.0",
        "@opentelemetry/otlp-transformer": "0.221.0"
      },
      "engines": {
        "node": "^18.19.0 || >=20.6.0"
      },
      "peerDependencies": {
        "@opentelemetry/api": "^1.3.0"
      }
    },
    "node_modules/@opentelemetry/otlp-transformer": {
      "version": "0.221.0",
      "resolved": "https://registry.npmjs.org/@opentelemetry/otlp-transformer/-/otlp-transformer-0.221.0.tgz",
      "integrity": "sha512-lg6lkOU08Az23jVcn/0Els9HP+V8PnR4Km6p0KgpTggS0n/WuhnmY64rSh83Of9iR9nD+dpWr6adlcX8KzAwjg==",
      "license": "Apache-2.0",
      "dependencies": {
        "@opentelemetry/api-logs": "0.221.0",
        "@opentelemetry/core": "2.10.0",
        "@opentelemetry/resources": "2.10.0",
        "@opentelemetry/sdk-logs": "0.221.0",
        "@opentelemetry/sdk-metrics": "2.10.0",
        "@opentelemetry/sdk-trace": "2.10.0"
      },
      "engines": {
        "node": "^18.19.0 || >=20.6.0"
      },
      "peerDependencies": {
        "@opentelemetry/api": "^1.3.0"
      }
    },
    "node_modules/@opentelemetry/propagator-aws-xray": {
      "version": "2.2.0",
      "resolved": "https://registry.npmjs.org/@opentelemetry/propagator-aws-xray/-/propagator-aws-xray-2.2.0.tgz",
      "integrity": "sha512-Yjvt2EjL+tfpkVOdKbhTPgpM4SIAez9nG6Q/QjQ3yfcJcjIWp59ph70SLfvmkSL6++3DCnuBG3iWcB18PwWavQ==",
      "license": "Apache-2.0",
      "engines": {
        "node": "^18.19.0 || >=20.6.0"
      },
      "peerDependencies": {
        "@opentelemetry/api": ">=1.0.0 <1.10.0"
      }
    },
    "node_modules/@opentelemetry/propagator-aws-xray-lambda": {
      "version": "0.56.0",
      "resolved": "https://registry.npmjs.org/@opentelemetry/propagator-aws-xray-lambda/-/propagator-aws-xray-lambda-0.56.0.tgz",
      "integrity": "sha512-z+IPb2lmKBrIILg+2gGtyr067gQybyp5pHxEg1H2sS/L0Mjcz4hVoOma27rknWhbu1KbpRgAsahXMAO2ydqhuw==",
      "license": "Apache-2.0",
      "dependencies": {
        "@opentelemetry/propagator-aws-xray": "^2.2.0"
      },
      "engines": {
        "node": "^18.19.0 || >=20.6.0"
      },
      "peerDependencies": {
        "@opentelemetry/api": ">=1.3.0 <1.10.0"
      }
    },
    "node_modules/@opentelemetry/propagator-b3": {
      "version": "2.10.0",
      "resolved": "https://registry.npmjs.org/@opentelemetry/propagator-b3/-/propagator-b3-2.10.0.tgz",
      "integrity": "sha512-GnA5B24H+1w8BO21J0q+IWNB0z1v+AGbcquTdIt/dufibhnhgxaA8YKvz0I3akRZhB1jHT+/tlzK+qlAjEDybQ==",
      "license": "Apache-2.0",
      "dependencies": {
        "@opentelemetry/core": "2.10.0"
      },
      "engines": {
        "node": "^18.19.0 || >=20.6.0"
      },
      "peerDependencies": {
        "@opentelemetry/api": ">=1.0.0 <1.10.0"
      }
    },
    "node_modules/@opentelemetry/propagator-jaeger": {
      "version": "2.10.0",
      "resolved": "https://registry.npmjs.org/@opentelemetry/propagator-jaeger/-/propagator-jaeger-2.10.0.tgz",
      "integrity": "sha512-yw/IX8DL470dSMZJoE82ScfYGp7JWZ/G8kFJo35ZILUVTB2jFPTOaioN+8s09pH0RHsWNhweVZb+ZnjJJpCChg==",
      "license": "Apache-2.0",
      "dependencies": {
        "@opentelemetry/core": "2.10.0"
      },
      "engines": {
        "node": "^18.19.0 || >=20.6.0"
      },
      "peerDependencies": {
        "@opentelemetry/api": ">=1.0.0 <1.10.0"
      }
    },
    "node_modules/@opentelemetry/propagator-ot-trace": {
      "version": "0.29.0",
      "resolved": "https://registry.npmjs.org/@opentelemetry/propagator-ot-trace/-/propagator-ot-trace-0.29.0.tgz",
      "integrity": "sha512-REkpKBhLfUo5lXHFTg5YL2ksWKnGNJsrRmF9TwuG3uH1/gbj/sVM3eWztgTgFJVGeqKGWJRQ9VsJ0GSqrgabrw==",
      "license": "Apache-2.0",
      "engines": {
        "node": "^18.19.0 || >=20.6.0"
      },
      "peerDependencies": {
        "@opentelemetry/api": "^1.0.0"
      }
    },
    "node_modules/@opentelemetry/redis-common": {
      "version": "0.38.3",
      "resolved": "https://registry.npmjs.org/@opentelemetry/redis-common/-/redis-common-0.38.3.tgz",
      "integrity": "sha512-VCghU1JYs/4gP6Gqf/xro9MEsZ7LrMv2uONVsaESKL38ZOB9BqnI98FfS23wjMnHlpuE+TTaWSoAVNpTwYXzjw==",
      "license": "Apache-2.0",
      "engines": {
        "node": "^18.19.0 || >=20.6.0"
      }
    },
    "node_modules/@opentelemetry/resource-detector-aws": {
      "version": "2.21.0",
      "resolved": "https://registry.npmjs.org/@opentelemetry/resource-detector-aws/-/resource-detector-aws-2.21.0.tgz",
      "integrity": "sha512-Veavy+khoywR+Hv065SU5jucFTGTiW1KXo39CsJ+8wqdYYz8jiRJPnQ20Kd+X9HbV2+Abb0l5CrJIdxK1ZOqBg==",
      "license": "Apache-2.0",
      "dependencies": {
        "@opentelemetry/core": "^2.0.0",
        "@opentelemetry/resources": "^2.0.0",
        "@opentelemetry/semantic-conventions": "^1.27.0"
      },
      "engines": {
        "node": "^18.19.0 || >=20.6.0"
      },
      "peerDependencies": {
        "@opentelemetry/api": "^1.0.0"
      }
    },
    "node_modules/@opentelemetry/resources": {
      "version": "2.10.0",
      "resolved": "https://registry.npmjs.org/@opentelemetry/resources/-/resources-2.10.0.tgz",
      "integrity": "sha512-q6MMm2zhggzsHVNbabYwut+a6nbuQQe3URUoxaojM/8K1IBfwwPzvxIjNi2/lI1TFe+fMHMW9MWhrtDLEXEnkA==",
      "license": "Apache-2.0",
      "dependencies": {
        "@opentelemetry/core": "2.10.0",
        "@opentelemetry/semantic-conventions": "^1.29.0"
      },
      "engines": {
        "node": "^18.19.0 || >=20.6.0"
      },
      "peerDependencies": {
        "@opentelemetry/api": ">=1.3.0 <1.10.0"
      }
    },
    "node_modules/@opentelemetry/sdk-logs": {
      "version": "0.221.0",
      "resolved": "https://registry.npmjs.org/@opentelemetry/sdk-logs/-/sdk-logs-0.221.0.tgz",
      "integrity": "sha512-FaDcazjyMp7TZZZAsqbo4IkovP0UegoCu0EBkiNt+qCqvUf7FPAsfcrZ3+ZEkKgXZ/jHafop+JoGPDk3A0SmLg==",
      "license": "Apache-2.0",
      "dependencies": {
        "@opentelemetry/api-logs": "0.221.0",
        "@opentelemetry/core": "2.10.0",
        "@opentelemetry/resources": "2.10.0",
        "@opentelemetry/semantic-conventions": "^1.29.0"
      },
      "engines": {
        "node": "^18.19.0 || >=20.6.0"
      },
      "peerDependencies": {
        "@opentelemetry/api": ">=1.4.0 <1.10.0"
      }
    },
    "node_modules/@opentelemetry/sdk-metrics": {
      "version": "2.10.0",
      "resolved": "https://registry.npmjs.org/@opentelemetry/sdk-metrics/-/sdk-metrics-2.10.0.tgz",
      "integrity": "sha512-t6r1VSvXNtSDnPXU1FbZeetJb7yyovHmgu0wRSoftxtE0g2rSNhQZQUy69sRUCL+iioJpX8SN/S6wq6ZtvLySQ==",
      "license": "Apache-2.0",
      "dependencies": {
        "@opentelemetry/core": "2.10.0",
        "@opentelemetry/resources": "2.10.0"
      },
      "engines": {
        "node": "^18.19.0 || >=20.6.0"
      },
      "peerDependencies": {
        "@opentelemetry/api": ">=1.9.0 <1.10.0"
      }
    },
    "node_modules/@opentelemetry/sdk-trace": {
      "version": "2.10.0",
      "resolved": "https://registry.npmjs.org/@opentelemetry/sdk-trace/-/sdk-trace-2.10.0.tgz",
      "integrity": "sha512-MfQGq3GRmTh5fM/y+OjaO0vj6+luCB1XO2gfXCalKCfgKw0eHL++sm75DNweC6ohlp+aFvACqeE0fYayqdRaoQ==",
      "license": "Apache-2.0",
      "dependencies": {
        "@opentelemetry/core": "2.10.0",
        "@opentelemetry/resources": "2.10.0",
        "@opentelemetry/semantic-conventions": "^1.29.0"
      },
      "engines": {
        "node": "^18.19.0 || >=20.6.0"
      },
      "peerDependencies": {
        "@opentelemetry/api": ">=1.3.0 <1.10.0"
      }
    },
    "node_modules/@opentelemetry/sdk-trace-base": {
      "version": "2.10.0",
      "resolved": "https://registry.npmjs.org/@opentelemetry/sdk-trace-base/-/sdk-trace-base-2.10.0.tgz",
      "integrity": "sha512-GuYQQT7QD2EeO8lcZLRQzcbOyhqAzL+6WWTKTU9mSUBYBazkEDl+VrQcXQhbB08OWM9anD1aHleVadzulpOaUQ==",
      "license": "Apache-2.0",
      "dependencies": {
        "@opentelemetry/core": "2.10.0",
        "@opentelemetry/resources": "2.10.0",
        "@opentelemetry/sdk-trace": "2.10.0",
        "@opentelemetry/semantic-conventions": "^1.29.0"
      },
      "engines": {
        "node": "^18.19.0 || >=20.6.0"
      },
      "peerDependencies": {
        "@opentelemetry/api": ">=1.3.0 <1.10.0"
      }
    },
    "node_modules/@opentelemetry/sdk-trace-node": {
      "version": "2.10.0",
      "resolved": "https://registry.npmjs.org/@opentelemetry/sdk-trace-node/-/sdk-trace-node-2.10.0.tgz",
      "integrity": "sha512-GZK/G6oZyBLGlH1pUgeDch7D91KoHd2uotUGIkWCPi9GI5T9X0p4L7nNAMDR1BQjkRYoDqo+ddfVx9t5Uhys+Q==",
      "license": "Apache-2.0",
      "dependencies": {
        "@opentelemetry/context-async-hooks": "2.10.0",
        "@opentelemetry/core": "2.10.0",
        "@opentelemetry/sdk-trace-base": "2.10.0"
      },
      "engines": {
        "node": "^18.19.0 || >=20.6.0"
      },
      "peerDependencies": {
        "@opentelemetry/api": ">=1.0.0 <1.10.0"
      }
    },
    "node_modules/@opentelemetry/semantic-conventions": {
      "version": "1.43.0",
      "resolved": "https://registry.npmjs.org/@opentelemetry/semantic-conventions/-/semantic-conventions-1.43.0.tgz",
      "integrity": "sha512-eSYWTm620tTk45EKSedaUL8MFYI8hW164hIXsgIHyxu3VobUB3fFCu5t0hQby6OoWRPsG1KkKUG2M5UadiLiVg==",
      "license": "Apache-2.0",
      "engines": {
        "node": ">=14"
      }
    },
    "node_modules/@opentelemetry/sql-common": {
      "version": "0.42.0",
      "resolved": "https://registry.npmjs.org/@opentelemetry/sql-common/-/sql-common-0.42.0.tgz",
      "integrity": "sha512-nwUwUU+8O8a4bnLqk6CodWeegGMEANgC94KTAhXcpGWLrW/2/hek/0ajNbjXnSOoNuCX+nteUPs46HFHhou9Xw==",
      "license": "Apache-2.0",
      "dependencies": {
        "@opentelemetry/core": "^2.0.0"
      },
      "engines": {
        "node": "^18.19.0 || >=20.6.0"
      },
      "peerDependencies": {
        "@opentelemetry/api": "^1.1.0"
      }
    },
    "node_modules/@types/aws-lambda": {
      "version": "8.10.159",
      "resolved": "https://registry.npmjs.org/@types/aws-lambda/-/aws-lambda-8.10.159.tgz",
      "integrity": "sha512-SAP22WSGNN12OQ8PlCzGzRCZ7QDCwI85dQZbmpz7+mAk+L7j+wI7qnvmdKh+o7A5LaOp6QnOZ2NJphAZQTTHQg==",
      "license": "MIT"
    },
    "node_modules/@types/mysql": {
      "version": "2.15.27",
      "resolved": "https://registry.npmjs.org/@types/mysql/-/mysql-2.15.27.tgz",
      "integrity": "sha512-YfWiV16IY0OeBfBCk8+hXKmdTKrKlwKN1MNKAPBu5JYxLwBEZl7QzeEpGnlZb3VMGJrrGmB84gXiH+ofs/TezA==",
      "license": "MIT",
      "dependencies": {
        "@types/node": "*"
      }
    },
    "node_modules/@types/node": {
      "version": "25.3.5",
      "resolved": "https://registry.npmjs.org/@types/node/-/node-25.3.5.tgz",
      "integrity": "sha512-oX8xrhvpiyRCQkG1MFchB09f+cXftgIXb3a7UUa4Y3wpmZPw5tyZGTLWhlESOLq1Rq6oDlc8npVU2/9xiCuXMA==",
      "license": "MIT",
      "dependencies": {
        "undici-types": "~7.18.0"
      }
    },
    "node_modules/@types/pg": {
      "version": "8.15.6",
      "resolved": "https://registry.npmjs.org/@types/pg/-/pg-8.15.6.tgz",
      "integrity": "sha512-NoaMtzhxOrubeL/7UZuNTrejB4MPAJ0RpxZqXQf2qXuVlTPuG6Y8p4u9dKRaue4yjmC7ZhzVO2/Yyyn25znrPQ==",
      "license": "MIT",
      "dependencies": {
        "@types/node": "*",
        "pg-protocol": "*",
        "pg-types": "^2.2.0"
      }
    },
    "node_modules/@types/pg-pool": {
      "version": "2.0.7",
      "resolved": "https://registry.npmjs.org/@types/pg-pool/-/pg-pool-2.0.7.tgz",
      "integrity": "sha512-U4CwmGVQcbEuqpyju8/ptOKg6gEC+Tqsvj2xS9o1g71bUh8twxnC6ZL5rZKCsGN0iyH0CwgUyc9VR5owNQF9Ng==",
      "license": "MIT",
      "dependencies": {
        "@types/pg": "*"
      }
    },
    "node_modules/cjs-module-lexer": {
      "version": "2.2.0",
      "resolved": "https://registry.npmjs.org/cjs-module-lexer/-/cjs-module-lexer-2.2.0.tgz",
      "integrity": "sha512-4bHTS2YuzUvtoLjdy+98ykbNB5jS0+07EvFNXerqZQJ89F7DI6ET7OQo/HJuW6K0aVsKA9hj9/RVb2kQVOrPDQ==",
      "license": "MIT"
    },
    "node_modules/debug": {
      "version": "4.4.3",
      "resolved": "https://registry.npmjs.org/debug/-/debug-4.4.3.tgz",
      "integrity": "sha512-RGwwWnwQvkVfavKVt22FGLw+xYSdzARwm0ru6DhTVA3umU5hZc28V3kO4stgYryrTlLpuvgI9GiijltAjNbcqA==",
      "license": "MIT",
      "dependencies": {
        "ms": "^2.1.3"
      },
      "engines": {
        "node": ">=6.0"
      },
      "peerDependenciesMeta": {
        "supports-color": {
          "optional": true
        }
      }
    },
    "node_modules/es-module-lexer": {
      "version": "2.3.1",
      "resolved": "https://registry.npmjs.org/es-module-lexer/-/es-module-lexer-2.3.1.tgz",
      "integrity": "sha512-shc1dbU90Yl/xq1QrC7QRtfcwURZuVRfPhZbDoldJ1cn1gzDvBaBWlv0eFolj5+0znnPJz5TXLxsN77X/12KTA==",
      "license": "MIT"
    },
    "node_modules/forwarded-parse": {
      "version": "2.1.2",
      "resolved": "https://registry.npmjs.org/forwarded-parse/-/forwarded-parse-2.1.2.tgz",
      "integrity": "sha512-alTFZZQDKMporBH77856pXgzhEzaUVmLCDk+egLgIgHst3Tpndzz8MnKe+GzRJRfvVdn69HhpW7cmXzvtLvJAw=="
    },
    "node_modules/import-in-the-middle": {
      "version": "3.3.1",
      "resolved": "https://registry.npmjs.org/import-in-the-middle/-/import-in-the-middle-3.3.1.tgz",
      "integrity": "sha512-0rymlHSFLwZ0ixx8DaQkoIyZojJPY2a0K2nEYslhKJ6jIYO/m0IcCb7iQsFPmS7WmKwISZiIrv5Icstrw/CmqA==",
      "license": "Apache-2.0",
      "dependencies": {
        "cjs-module-lexer": "^2.2.0",
        "es-module-lexer": "^2.2.0",
        "module-details-from-path": "^1.0.4"
      },
      "engines": {
        "node": ">=18"
      }
    },
    "node_modules/module-details-from-path": {
      "version": "1.0.4",
      "resolved": "https://registry.npmjs.org/module-details-from-path/-/module-details-from-path-1.0.4.tgz",
      "integrity": "sha512-EGWKgxALGMgzvxYF1UyGTy0HXX/2vHLkw6+NvDKW2jypWbHpjQuj4UMcqQWXHERJhVGKikolT06G3bcKe4fi7w==",
      "license": "MIT"
    },
    "node_modules/ms": {
      "version": "2.1.3",
      "resolved": "https://registry.npmjs.org/ms/-/ms-2.1.3.tgz",
      "integrity": "sha512-6FlzubTLZG3J2a/NVCAleEhjzq5oxgHyaCU9yYXvcLsvoVaHJq/s5xXI6/XXP6tz7R9xAOtHnSO/tXtF3WRTlA==",
      "license": "MIT"
    },
    "node_modules/pg-int8": {
      "version": "1.0.1",
      "resolved": "https://registry.npmjs.org/pg-int8/-/pg-int8-1.0.1.tgz",
      "integrity": "sha512-WCtabS6t3c8SkpDBUlb1kjOs7l66xsGdKpIPZsg4wR+B3+u9UAum2odSsF9tnvxg80h4ZxLWMy4pRjOsFIqQpw==",
      "license": "ISC",
      "engines": {
        "node": ">=4.0.0"
      }
    },
    "node_modules/pg-protocol": {
      "version": "1.13.0",
      "resolved": "https://registry.npmjs.org/pg-protocol/-/pg-protocol-1.13.0.tgz",
      "integrity": "sha512-zzdvXfS6v89r6v7OcFCHfHlyG/wvry1ALxZo4LqgUoy7W9xhBDMaqOuMiF3qEV45VqsN6rdlcehHrfDtlCPc8w==",
      "license": "MIT"
    },
    "node_modules/pg-types": {
      "version": "2.2.0",
      "resolved": "https://registry.npmjs.org/pg-types/-/pg-types-2.2.0.tgz",
      "integrity": "sha512-qTAAlrEsl8s4OiEQY69wDvcMIdQN6wdz5ojQiOy6YRMuynxenON0O5oCpJI6lshc6scgAY8qvJ2On/p+CXY0GA==",
      "license": "MIT",
      "dependencies": {
        "pg-int8": "1.0.1",
        "postgres-array": "~2.0.0",
        "postgres-bytea": "~1.0.0",
        "postgres-date": "~1.0.4",
        "postgres-interval": "^1.1.0"
      },
      "engines": {
        "node": ">=4"
      }
    },
    "node_modules/postgres-array": {
      "version": "2.0.0",
      "resolved": "https://registry.npmjs.org/postgres-array/-/postgres-array-2.0.0.tgz",
      "integrity": "sha512-VpZrUqU5A69eQyW2c5CA1jtLecCsN2U/bD6VilrFDWq5+5UIEVO7nazS3TEcHf1zuPYO/sqGvUvW62g86RXZuA==",
      "license": "MIT",
      "engines": {
        "node": ">=4"
      }
    },
    "node_modules/postgres-bytea": {
      "version": "1.0.1",
      "resolved": "https://registry.npmjs.org/postgres-bytea/-/postgres-bytea-1.0.1.tgz",
      "integrity": "sha512-5+5HqXnsZPE65IJZSMkZtURARZelel2oXUEO8rH83VS/hxH5vv1uHquPg5wZs8yMAfdv971IU+kcPUczi7NVBQ==",
      "license": "MIT",
      "engines": {
        "node": ">=0.10.0"
      }
    },
    "node_modules/postgres-date": {
      "version": "1.0.7",
      "resolved": "https://registry.npmjs.org/postgres-date/-/postgres-date-1.0.7.tgz",
      "integrity": "sha512-suDmjLVQg78nMK2UZ454hAG+OAW+HQPZ6n++TNDUX+L0+uUlLywnoxJKDou51Zm+zTCjrCl0Nq6J9C5hP9vK/Q==",
      "license": "MIT",
      "engines": {
        "node": ">=0.10.0"
      }
    },
    "node_modules/postgres-interval": {
      "version": "1.2.0",
      "resolved": "https://registry.npmjs.org/postgres-interval/-/postgres-interval-1.2.0.tgz",
      "integrity": "sha512-9ZhXKM/rw350N1ovuWHbGxnGh/SNJ4cnxHiM0rxE4VN41wsg8P8zWn9hv/buK00RP4WvlOyr/RBDiptyxVbkZQ==",
      "license": "MIT",
      "dependencies": {
        "xtend": "^4.0.0"
      },
      "engines": {
        "node": ">=0.10.0"
      }
    },
    "node_modules/require-in-the-middle": {
      "version": "8.0.1",
      "resolved": "https://registry.npmjs.org/require-in-the-middle/-/require-in-the-middle-8.0.1.tgz",
      "integrity": "sha512-QT7FVMXfWOYFbeRBF6nu+I6tr2Tf3u0q8RIEjNob/heKY/nh7drD/k7eeMFmSQgnTtCzLDcCu/XEnpW2wk4xCQ==",
      "license": "MIT",
      "dependencies": {
        "debug": "^4.3.5",
        "module-details-from-path": "^1.0.3"
      },
      "engines": {
        "node": ">=9.3.0 || >=8.10.0 <9.0.0"
      }
    },
    "node_modules/undici-types": {
      "version": "7.18.2",
      "resolved": "https://registry.npmjs.org/undici-types/-/undici-types-7.18.2.tgz",
      "integrity": "sha512-AsuCzffGHJybSaRrmr5eHr81mwJU3kjw6M+uprWvCXiNeN9SOGwQ3Jn8jb8m3Z6izVgknn1R0FTCEAP2QrLY/w==",
      "license": "MIT"
    },
    "node_modules/xtend": {
      "version": "4.0.2",
      "resolved": "https://registry.npmjs.org/xtend/-/xtend-4.0.2.tgz",
      "integrity": "sha512-LKYU1iAXJXUgAXn9URjiu+MWhyUXHsvfp7mcuYm9dSUKK0/CjtrUwFAxD82/mCWbtLsGjFIad0wIsod4zrTAEQ==",
      "license": "MIT",
      "engines": {
        "node": ">=0.4"
      }
    }
  }
}
