{
  "name": "cx-wrapper",
  "version": "0.0.1",
  "lockfileVersion": 3,
  "requires": true,
  "packages": {
    "": {
      "name": "cx-wrapper",
      "version": "0.0.1",
      "dependencies": {
        "@opentelemetry/api": "1.9.1",
        "@opentelemetry/auto-configuration-propagators": "0.4.6",
        "@opentelemetry/core": "2.9.0",
        "@opentelemetry/exporter-metrics-otlp-proto": "0.220.0",
        "@opentelemetry/exporter-trace-otlp-proto": "0.220.0",
        "@opentelemetry/instrumentation": "file:../../../opentelemetry-js/experimental/packages/opentelemetry-instrumentation/opentelemetry-instrumentation-0.220.0.tgz",
        "@opentelemetry/instrumentation-aws-lambda": "file:../../../opentelemetry-js-contrib-cx/packages/instrumentation-aws-lambda/opentelemetry-instrumentation-aws-lambda-0.72.0.tgz",
        "@opentelemetry/instrumentation-aws-sdk": "file:../../../opentelemetry-js-contrib-cx/packages/instrumentation-aws-sdk/opentelemetry-instrumentation-aws-sdk-0.75.0.tgz",
        "@opentelemetry/instrumentation-dns": "0.63.0",
        "@opentelemetry/instrumentation-express": "0.68.0",
        "@opentelemetry/instrumentation-graphql": "0.68.0",
        "@opentelemetry/instrumentation-grpc": "0.220.0",
        "@opentelemetry/instrumentation-hapi": "0.66.0",
        "@opentelemetry/instrumentation-http": "0.220.0",
        "@opentelemetry/instrumentation-ioredis": "0.68.0",
        "@opentelemetry/instrumentation-koa": "0.68.0",
        "@opentelemetry/instrumentation-mongodb": "file:../../../opentelemetry-js-contrib-cx/packages/instrumentation-mongodb/opentelemetry-instrumentation-mongodb-0.73.0.tgz",
        "@opentelemetry/instrumentation-mysql": "0.66.0",
        "@opentelemetry/instrumentation-net": "0.64.0",
        "@opentelemetry/instrumentation-pg": "0.72.0",
        "@opentelemetry/instrumentation-redis": "0.68.0",
        "@opentelemetry/propagator-aws-xray": "2.2.0",
        "@opentelemetry/propagator-b3": "2.9.0",
        "@opentelemetry/propagator-jaeger": "2.9.0",
        "@opentelemetry/resource-detector-aws": "2.20.0",
        "@opentelemetry/resources": "2.9.0",
        "@opentelemetry/sdk-metrics": "2.9.0",
        "@opentelemetry/sdk-trace-base": "2.9.0",
        "@opentelemetry/sdk-trace-node": "2.9.0",
        "@opentelemetry/semantic-conventions": "1.43.0",
        "import-in-the-middle": "3.3.1"
      },
      "engines": {
        "node": ">=16.0.0"
      }
    },
    "node_modules/@opentelemetry/api": {
      "version": "1.9.1",
      "resolved": "https://registry.npmjs.org/@opentelemetry/api/-/api-1.9.1.tgz",
      "integrity": "sha512-gLyJlPHPZYdAk1JENA9LeHejZe1Ti77/pTeFm/nMXmQH/HFZlcS/O2XJB+L8fkbrNSqhdtlvjBVjxwUYanNH5Q==",
      "license": "Apache-2.0",
      "engines": {
        "node": ">=8.0.0"
      }
    },
    "node_modules/@opentelemetry/api-logs": {
      "version": "0.220.0",
      "resolved": "https://registry.npmjs.org/@opentelemetry/api-logs/-/api-logs-0.220.0.tgz",
      "integrity": "sha512-CmVa4ImJ+ynfrPMNaAXHET6Bhb44SwzmfyVJFq9ni2jgXJR/l7C6gfVFddNmHP+ZOkP9cf4f9DBe68qVLTHc9w==",
      "license": "Apache-2.0",
      "dependencies": {
        "@opentelemetry/api": "^1.3.0"
      },
      "engines": {
        "node": ">=8.0.0"
      }
    },
    "node_modules/@opentelemetry/auto-configuration-propagators": {
      "version": "0.4.6",
      "resolved": "https://registry.npmjs.org/@opentelemetry/auto-configuration-propagators/-/auto-configuration-propagators-0.4.6.tgz",
      "integrity": "sha512-bF8P+6YsEQmeYpkVv35uIIpvBFPqZ4CYL8HAeXa1o2a7vzwsChHcfV6Lae5yRKR5Rfqyy7JEeLcTUPPOK6y5PA==",
      "license": "Apache-2.0",
      "dependencies": {
        "@opentelemetry/core": "^2.0.0",
        "@opentelemetry/propagator-aws-xray": "^2.2.0",
        "@opentelemetry/propagator-aws-xray-lambda": "^0.56.0",
        "@opentelemetry/propagator-b3": "^2.0.0",
        "@opentelemetry/propagator-jaeger": "^2.0.0",
        "@opentelemetry/propagator-ot-trace": "^0.29.0"
      },
      "engines": {
        "node": "^18.19.0 || >=20.6.0"
      },
      "peerDependencies": {
        "@opentelemetry/api": "^1.4.1"
      }
    },
    "node_modules/@opentelemetry/context-async-hooks": {
      "version": "2.9.0",
      "resolved": "https://registry.npmjs.org/@opentelemetry/context-async-hooks/-/context-async-hooks-2.9.0.tgz",
      "integrity": "sha512-OQ0vzvbZBiUhjqLnUaoNfYmP8553Crr3aggB4y0ZUi815mZ7idpdJXQmoKdeBKJelYttoBlLSSHubmyw3wvX4w==",
      "license": "Apache-2.0",
      "engines": {
        "node": "^18.19.0 || >=20.6.0"
      },
      "peerDependencies": {
        "@opentelemetry/api": ">=1.0.0 <1.10.0"
      }
    },
    "node_modules/@opentelemetry/core": {
      "version": "2.9.0",
      "resolved": "https://registry.npmjs.org/@opentelemetry/core/-/core-2.9.0.tgz",
      "integrity": "sha512-m2nckMT80NnmjTYSPjJQObBJ+8dgkoajEOUbznL8AHZ3T3yHRk2P7gI1PhEBc1+lOnrYE9UWrWHqJDsmqjmNbw==",
      "license": "Apache-2.0",
      "dependencies": {
        "@opentelemetry/semantic-conventions": "^1.29.0"
      },
      "engines": {
        "node": "^18.19.0 || >=20.6.0"
      },
      "peerDependencies": {
        "@opentelemetry/api": ">=1.0.0 <1.10.0"
      }
    },
    "node_modules/@opentelemetry/exporter-metrics-otlp-http": {
      "version": "0.220.0",
      "resolved": "https://registry.npmjs.org/@opentelemetry/exporter-metrics-otlp-http/-/exporter-metrics-otlp-http-0.220.0.tgz",
      "integrity": "sha512-Yqt3RBw/bRVncaE9qIIhk4WfjbAQqXuP9FgAaU+IKPndnLEp/cUqZlSC324+bpmduRz7DoTjig8Ub0PeILWXUA==",
      "license": "Apache-2.0",
      "dependencies": {
        "@opentelemetry/core": "2.9.0",
        "@opentelemetry/otlp-exporter-base": "0.220.0",
        "@opentelemetry/otlp-transformer": "0.220.0",
        "@opentelemetry/resources": "2.9.0",
        "@opentelemetry/sdk-metrics": "2.9.0"
      },
      "engines": {
        "node": "^18.19.0 || >=20.6.0"
      },
      "peerDependencies": {
        "@opentelemetry/api": "^1.3.0"
      }
    },
    "node_modules/@opentelemetry/exporter-metrics-otlp-proto": {
      "version": "0.220.0",
      "resolved": "https://registry.npmjs.org/@opentelemetry/exporter-metrics-otlp-proto/-/exporter-metrics-otlp-proto-0.220.0.tgz",
      "integrity": "sha512-lyO+IQBdSvqHN/ZOW/OzrSWemtfD+HgWngn+HBNLhjy0YrCQQTz0OE/kSekH2Pl340dn9DWzhqHdz5Eftr+HLA==",
      "license": "Apache-2.0",
      "dependencies": {
        "@opentelemetry/core": "2.9.0",
        "@opentelemetry/exporter-metrics-otlp-http": "0.220.0",
        "@opentelemetry/otlp-exporter-base": "0.220.0",
        "@opentelemetry/otlp-transformer": "0.220.0",
        "@opentelemetry/resources": "2.9.0",
        "@opentelemetry/sdk-metrics": "2.9.0"
      },
      "engines": {
        "node": "^18.19.0 || >=20.6.0"
      },
      "peerDependencies": {
        "@opentelemetry/api": "^1.3.0"
      }
    },
    "node_modules/@opentelemetry/exporter-trace-otlp-proto": {
      "version": "0.220.0",
      "resolved": "https://registry.npmjs.org/@opentelemetry/exporter-trace-otlp-proto/-/exporter-trace-otlp-proto-0.220.0.tgz",
      "integrity": "sha512-voTAD8XgJxlK7zLkXh8EzMB09zrQr3tyY/BsnDTlDiQU/UdK58MZ63A3mUjdEDrxMjCVmBHU3WQJhRmQe+Dvzg==",
      "license": "Apache-2.0",
      "dependencies": {
        "@opentelemetry/core": "2.9.0",
        "@opentelemetry/otlp-exporter-base": "0.220.0",
        "@opentelemetry/otlp-transformer": "0.220.0",
        "@opentelemetry/resources": "2.9.0",
        "@opentelemetry/sdk-trace": "2.9.0"
      },
      "engines": {
        "node": "^18.19.0 || >=20.6.0"
      },
      "peerDependencies": {
        "@opentelemetry/api": "^1.3.0"
      }
    },
    "node_modules/@opentelemetry/instrumentation": {
      "version": "0.220.0",
      "resolved": "file:../../../opentelemetry-js/experimental/packages/opentelemetry-instrumentation/opentelemetry-instrumentation-0.220.0.tgz",
      "integrity": "sha512-yvPfp+dq2V529nboXfxeyLEjUw+qc2LujVxNQIWwjbl+ikIxIHXvHc7dRhGcxt9HvcJdMQEaYp1S6KhVQkPKXA==",
      "license": "Apache-2.0",
      "dependencies": {
        "@opentelemetry/api-logs": "0.220.0",
        "import-in-the-middle": "^3.0.0",
        "require-in-the-middle": "^8.0.0"
      },
      "engines": {
        "node": "^18.19.0 || >=20.6.0"
      },
      "peerDependencies": {
        "@opentelemetry/api": "^1.3.0"
      }
    },
    "node_modules/@opentelemetry/instrumentation-aws-lambda": {
      "version": "0.72.0",
      "resolved": "file:../../../opentelemetry-js-contrib-cx/packages/instrumentation-aws-lambda/opentelemetry-instrumentation-aws-lambda-0.72.0.tgz",
      "integrity": "sha512-+i+kOWP9YdkppARa+9buPITnG3VOXYVZzsv/IwYmw/R4+OrAAIUiy4Igoivz51UBHgDsyMX3F1Vdlfviv2+Mjg==",
      "license": "Apache-2.0",
      "dependencies": {
        "@opentelemetry/instrumentation": "^0.220.0",
        "@opentelemetry/propagator-aws-xray": "^2.2.0",
        "@opentelemetry/semantic-conventions": "^1.27.0",
        "@types/aws-lambda": "^8.10.155"
      },
      "engines": {
        "node": "^18.19.0 || >=20.6.0"
      },
      "peerDependencies": {
        "@opentelemetry/api": "^1.3.0"
      }
    },
    "node_modules/@opentelemetry/instrumentation-aws-sdk": {
      "version": "0.75.0",
      "resolved": "file:../../../opentelemetry-js-contrib-cx/packages/instrumentation-aws-sdk/opentelemetry-instrumentation-aws-sdk-0.75.0.tgz",
      "integrity": "sha512-zPHJ1/rwW6fK0VUFAJ3N6Ln1/322Kxam4hrn5Hc8QGM1zKesFrEgTPlwK27BxYusqekWB4ISalHJ44iT52yk+A==",
      "license": "Apache-2.0",
      "dependencies": {
        "@opentelemetry/core": "^2.0.0",
        "@opentelemetry/instrumentation": "^0.220.0",
        "@opentelemetry/semantic-conventions": "^1.34.0"
      },
      "engines": {
        "node": "^18.19.0 || >=20.6.0"
      },
      "peerDependencies": {
        "@opentelemetry/api": "^1.3.0"
      }
    },
    "node_modules/@opentelemetry/instrumentation-dns": {
      "version": "0.63.0",
      "resolved": "https://registry.npmjs.org/@opentelemetry/instrumentation-dns/-/instrumentation-dns-0.63.0.tgz",
      "integrity": "sha512-sq7GI18PzmCBA5ATfT6I9KFiMBneEy2mjB7oKh46ATVbX2rx+kI2QQruJrGE8SYAIcT8uiF2fm0p1HwA06X7og==",
      "license": "Apache-2.0",
      "dependencies": {
        "@opentelemetry/instrumentation": "^0.220.0"
      },
      "engines": {
        "node": "^18.19.0 || >=20.6.0"
      },
      "peerDependencies": {
        "@opentelemetry/api": "^1.3.0"
      }
    },
    "node_modules/@opentelemetry/instrumentation-express": {
      "version": "0.68.0",
      "resolved": "https://registry.npmjs.org/@opentelemetry/instrumentation-express/-/instrumentation-express-0.68.0.tgz",
      "integrity": "sha512-3ffjIQUFNVP94lLLHlBEgNaomCoP0BLH36Gxmkk3/WKX+1530QKVAnZTleYdM3RVU2EeQFtWSmFMAyCLglqO3w==",
      "license": "Apache-2.0",
      "dependencies": {
        "@opentelemetry/core": "^2.0.0",
        "@opentelemetry/instrumentation": "^0.220.0",
        "@opentelemetry/semantic-conventions": "^1.27.0"
      },
      "engines": {
        "node": "^18.19.0 || >=20.6.0"
      },
      "peerDependencies": {
        "@opentelemetry/api": "^1.3.0"
      }
    },
    "node_modules/@opentelemetry/instrumentation-graphql": {
      "version": "0.68.0",
      "resolved": "https://registry.npmjs.org/@opentelemetry/instrumentation-graphql/-/instrumentation-graphql-0.68.0.tgz",
      "integrity": "sha512-ZpL6FYk6NZTuBO5Dh8G7SNBANswTIxCI5qod2pQjF3fsKpxDRHA4FJ6yYK3TdJhFLloMdyRVmE1gMCxG7q6hYQ==",
      "license": "Apache-2.0",
      "dependencies": {
        "@opentelemetry/instrumentation": "^0.220.0"
      },
      "engines": {
        "node": "^18.19.0 || >=20.6.0"
      },
      "peerDependencies": {
        "@opentelemetry/api": "^1.3.0"
      }
    },
    "node_modules/@opentelemetry/instrumentation-grpc": {
      "version": "0.220.0",
      "resolved": "https://registry.npmjs.org/@opentelemetry/instrumentation-grpc/-/instrumentation-grpc-0.220.0.tgz",
      "integrity": "sha512-U1EF8KKu52XwH2ybUkjVDmaVQZGf3mXirRSw1KJQrOV5aymgJgkPJV7+kRPqawZe0rpVc/BK+pPSyMWuQoyJJQ==",
      "license": "Apache-2.0",
      "dependencies": {
        "@opentelemetry/instrumentation": "0.220.0",
        "@opentelemetry/semantic-conventions": "^1.29.0"
      },
      "engines": {
        "node": "^18.19.0 || >=20.6.0"
      },
      "peerDependencies": {
        "@opentelemetry/api": "^1.3.0"
      }
    },
    "node_modules/@opentelemetry/instrumentation-hapi": {
      "version": "0.66.0",
      "resolved": "https://registry.npmjs.org/@opentelemetry/instrumentation-hapi/-/instrumentation-hapi-0.66.0.tgz",
      "integrity": "sha512-M3ZTzsFwPcb2mL+skodr94WJ0hMmpkqCb9k3kvZ2THzf+cxBsWYl/gjHZhjfuminKSh5x5gX2A+IeA3lJP4NVA==",
      "license": "Apache-2.0",
      "dependencies": {
        "@opentelemetry/core": "^2.0.0",
        "@opentelemetry/instrumentation": "^0.220.0",
        "@opentelemetry/semantic-conventions": "^1.27.0"
      },
      "engines": {
        "node": "^18.19.0 || >=20.6.0"
      },
      "peerDependencies": {
        "@opentelemetry/api": "^1.3.0"
      }
    },
    "node_modules/@opentelemetry/instrumentation-http": {
      "version": "0.220.0",
      "resolved": "https://registry.npmjs.org/@opentelemetry/instrumentation-http/-/instrumentation-http-0.220.0.tgz",
      "integrity": "sha512-Szt4dO2Boz2CDr38DaSw/lnqwhwKl+IAdgNGEGgSm2Anb+fwPtIAGmIwkhsLLN69QQZQE96JxjMKYY4rlRkYKw==",
      "license": "Apache-2.0",
      "dependencies": {
        "@opentelemetry/core": "2.9.0",
        "@opentelemetry/instrumentation": "0.220.0",
        "@opentelemetry/semantic-conventions": "^1.29.0",
        "forwarded-parse": "2.1.2"
      },
      "engines": {
        "node": "^18.19.0 || >=20.6.0"
      },
      "peerDependencies": {
        "@opentelemetry/api": "^1.3.0"
      }
    },
    "node_modules/@opentelemetry/instrumentation-ioredis": {
      "version": "0.68.0",
      "resolved": "https://registry.npmjs.org/@opentelemetry/instrumentation-ioredis/-/instrumentation-ioredis-0.68.0.tgz",
      "integrity": "sha512-M2MWPoKiMlNWzmW7+AwEwiFpTJQ7bhKpZuo9L3MS/z/KFm2yXY6B43IprAVyiszLFg8/JsF39t8b8wkGpxip2g==",
      "license": "Apache-2.0",
      "dependencies": {
        "@opentelemetry/instrumentation": "^0.220.0",
        "@opentelemetry/redis-common": "^0.38.3",
        "@opentelemetry/semantic-conventions": "^1.33.0"
      },
      "engines": {
        "node": "^18.19.0 || >=20.6.0"
      },
      "peerDependencies": {
        "@opentelemetry/api": "^1.3.0"
      }
    },
    "node_modules/@opentelemetry/instrumentation-koa": {
      "version": "0.68.0",
      "resolved": "https://registry.npmjs.org/@opentelemetry/instrumentation-koa/-/instrumentation-koa-0.68.0.tgz",
      "integrity": "sha512-qem1LDEnrIq8BV+NwxTMy/AGZ4d4kT8Y5xQzJ56ogkhbChzdRKG+hof8taW7bOncNdbu26E17nh2RYuRvpI8sQ==",
      "license": "Apache-2.0",
      "dependencies": {
        "@opentelemetry/core": "^2.0.0",
        "@opentelemetry/instrumentation": "^0.220.0",
        "@opentelemetry/semantic-conventions": "^1.36.0"
      },
      "engines": {
        "node": "^18.19.0 || >=20.6.0"
      },
      "peerDependencies": {
        "@opentelemetry/api": "^1.9.0"
      }
    },
    "node_modules/@opentelemetry/instrumentation-mongodb": {
      "version": "0.73.0",
      "resolved": "file:../../../opentelemetry-js-contrib-cx/packages/instrumentation-mongodb/opentelemetry-instrumentation-mongodb-0.73.0.tgz",
      "integrity": "sha512-sd7kg5cvtM60O1D6GRggcZ9INJXAyAFNRza37eNLR6QFz9jkyjl/Hgdh7f3YoxRS8wIo0G7HUamqb0AGVLhGXw==",
      "license": "Apache-2.0",
      "dependencies": {
        "@opentelemetry/instrumentation": "^0.220.0",
        "@opentelemetry/semantic-conventions": "^1.33.0"
      },
      "engines": {
        "node": "^18.19.0 || >=20.6.0"
      },
      "peerDependencies": {
        "@opentelemetry/api": "^1.3.0"
      }
    },
    "node_modules/@opentelemetry/instrumentation-mysql": {
      "version": "0.66.0",
      "resolved": "https://registry.npmjs.org/@opentelemetry/instrumentation-mysql/-/instrumentation-mysql-0.66.0.tgz",
      "integrity": "sha512-kfbyFeHOV/RzmRifWJflpBTCrYz4vD5j8IVqjSreaAPGOvKHj/fflwqNwdi7cy4QRmm7vVkxqTvM7q0+ZF58CA==",
      "license": "Apache-2.0",
      "dependencies": {
        "@opentelemetry/instrumentation": "^0.220.0",
        "@opentelemetry/semantic-conventions": "^1.33.0",
        "@types/mysql": "2.15.27"
      },
      "engines": {
        "node": "^18.19.0 || >=20.6.0"
      },
      "peerDependencies": {
        "@opentelemetry/api": "^1.3.0"
      }
    },
    "node_modules/@opentelemetry/instrumentation-net": {
      "version": "0.64.0",
      "resolved": "https://registry.npmjs.org/@opentelemetry/instrumentation-net/-/instrumentation-net-0.64.0.tgz",
      "integrity": "sha512-AHIZAC0M969fRsFvYkpxbTYiNxyeyMA069uvwTtcUrkwZpE6BW/45Ap+YGMnIoLNdRCPKbsphoW9xXT4VpLJBw==",
      "license": "Apache-2.0",
      "dependencies": {
        "@opentelemetry/instrumentation": "^0.220.0",
        "@opentelemetry/semantic-conventions": "^1.33.0"
      },
      "engines": {
        "node": "^18.19.0 || >=20.6.0"
      },
      "peerDependencies": {
        "@opentelemetry/api": "^1.3.0"
      }
    },
    "node_modules/@opentelemetry/instrumentation-pg": {
      "version": "0.72.0",
      "resolved": "https://registry.npmjs.org/@opentelemetry/instrumentation-pg/-/instrumentation-pg-0.72.0.tgz",
      "integrity": "sha512-p9xrFc/6R8t6Y293sTYLZ83LnzZo/qY0bBPA4xabdQt0Qjt8i1SlYFsIeGY2Jmf5WcESNUdjQB3NxWnt5Ox7zw==",
      "license": "Apache-2.0",
      "dependencies": {
        "@opentelemetry/core": "^2.0.0",
        "@opentelemetry/instrumentation": "^0.220.0",
        "@opentelemetry/semantic-conventions": "^1.34.0",
        "@opentelemetry/sql-common": "^0.42.0",
        "@types/pg": "8.15.6",
        "@types/pg-pool": "2.0.7"
      },
      "engines": {
        "node": "^18.19.0 || >=20.6.0"
      },
      "peerDependencies": {
        "@opentelemetry/api": "^1.3.0"
      }
    },
    "node_modules/@opentelemetry/instrumentation-redis": {
      "version": "0.68.0",
      "resolved": "https://registry.npmjs.org/@opentelemetry/instrumentation-redis/-/instrumentation-redis-0.68.0.tgz",
      "integrity": "sha512-D5N4CLWLjBRFa1Ee8D1U1tWCkED+Ob0AMzQlYJjlnnqfw0ofRMaJmoUrdI5ASKEcfDezzhELT1Slo4VesDpA/w==",
      "license": "Apache-2.0",
      "dependencies": {
        "@opentelemetry/instrumentation": "^0.220.0",
        "@opentelemetry/redis-common": "^0.38.3",
        "@opentelemetry/semantic-conventions": "^1.27.0"
      },
      "engines": {
        "node": "^18.19.0 || >=20.6.0"
      },
      "peerDependencies": {
        "@opentelemetry/api": "^1.3.0"
      }
    },
    "node_modules/@opentelemetry/otlp-exporter-base": {
      "version": "0.220.0",
      "resolved": "https://registry.npmjs.org/@opentelemetry/otlp-exporter-base/-/otlp-exporter-base-0.220.0.tgz",
      "integrity": "sha512-CXYo8UD5Mn9YbgebO2EL4wejtA+gxLmLiu6HCk2KH2BR7XhFN6/6p1UlCb23DYCjeYkndevLHuejCCN1yx4+OQ==",
      "license": "Apache-2.0",
      "dependencies": {
        "@opentelemetry/core": "2.9.0",
        "@opentelemetry/otlp-transformer": "0.220.0"
      },
      "engines": {
        "node": "^18.19.0 || >=20.6.0"
      },
      "peerDependencies": {
        "@opentelemetry/api": "^1.3.0"
      }
    },
    "node_modules/@opentelemetry/otlp-transformer": {
      "version": "0.220.0",
      "resolved": "https://registry.npmjs.org/@opentelemetry/otlp-transformer/-/otlp-transformer-0.220.0.tgz",
      "integrity": "sha512-lXGrv7KXZ0gNH9SVNUaa6vv6phVYGvJxfXAlMbzbakiXru75f5MZl8Z7oqiMMQD77riVHJCFlQvbZs/VVN2/4A==",
      "license": "Apache-2.0",
      "dependencies": {
        "@opentelemetry/api-logs": "0.220.0",
        "@opentelemetry/core": "2.9.0",
        "@opentelemetry/resources": "2.9.0",
        "@opentelemetry/sdk-logs": "0.220.0",
        "@opentelemetry/sdk-metrics": "2.9.0",
        "@opentelemetry/sdk-trace": "2.9.0"
      },
      "engines": {
        "node": "^18.19.0 || >=20.6.0"
      },
      "peerDependencies": {
        "@opentelemetry/api": "^1.3.0"
      }
    },
    "node_modules/@opentelemetry/propagator-aws-xray": {
      "version": "2.2.0",
      "resolved": "https://registry.npmjs.org/@opentelemetry/propagator-aws-xray/-/propagator-aws-xray-2.2.0.tgz",
      "integrity": "sha512-Yjvt2EjL+tfpkVOdKbhTPgpM4SIAez9nG6Q/QjQ3yfcJcjIWp59ph70SLfvmkSL6++3DCnuBG3iWcB18PwWavQ==",
      "license": "Apache-2.0",
      "engines": {
        "node": "^18.19.0 || >=20.6.0"
      },
      "peerDependencies": {
        "@opentelemetry/api": ">=1.0.0 <1.10.0"
      }
    },
    "node_modules/@opentelemetry/propagator-aws-xray-lambda": {
      "version": "0.56.0",
      "resolved": "https://registry.npmjs.org/@opentelemetry/propagator-aws-xray-lambda/-/propagator-aws-xray-lambda-0.56.0.tgz",
      "integrity": "sha512-z+IPb2lmKBrIILg+2gGtyr067gQybyp5pHxEg1H2sS/L0Mjcz4hVoOma27rknWhbu1KbpRgAsahXMAO2ydqhuw==",
      "license": "Apache-2.0",
      "dependencies": {
        "@opentelemetry/propagator-aws-xray": "^2.2.0"
      },
      "engines": {
        "node": "^18.19.0 || >=20.6.0"
      },
      "peerDependencies": {
        "@opentelemetry/api": ">=1.3.0 <1.10.0"
      }
    },
    "node_modules/@opentelemetry/propagator-b3": {
      "version": "2.9.0",
      "resolved": "https://registry.npmjs.org/@opentelemetry/propagator-b3/-/propagator-b3-2.9.0.tgz",
      "integrity": "sha512-WrOT1WsOUG+B7hstD2RYoMPIOK76G8E9AQHhMjUvrQaGx/oA7rPWQvvr1Rqv7+yy4R0ZMVwWLC4vW2xnkgWPAQ==",
      "license": "Apache-2.0",
      "dependencies": {
        "@opentelemetry/core": "2.9.0"
      },
      "engines": {
        "node": "^18.19.0 || >=20.6.0"
      },
      "peerDependencies": {
        "@opentelemetry/api": ">=1.0.0 <1.10.0"
      }
    },
    "node_modules/@opentelemetry/propagator-jaeger": {
      "version": "2.9.0",
      "resolved": "https://registry.npmjs.org/@opentelemetry/propagator-jaeger/-/propagator-jaeger-2.9.0.tgz",
      "integrity": "sha512-4mYGty27rYvSM0jtp1ZUOqd3LfVRCYg9H5G9OFzSx5HViYToU21MFhWfco7x1HwXr7ER8yGOiCIHZUwjPksc0Q==",
      "license": "Apache-2.0",
      "dependencies": {
        "@opentelemetry/core": "2.9.0"
      },
      "engines": {
        "node": "^18.19.0 || >=20.6.0"
      },
      "peerDependencies": {
        "@opentelemetry/api": ">=1.0.0 <1.10.0"
      }
    },
    "node_modules/@opentelemetry/propagator-ot-trace": {
      "version": "0.29.0",
      "resolved": "https://registry.npmjs.org/@opentelemetry/propagator-ot-trace/-/propagator-ot-trace-0.29.0.tgz",
      "integrity": "sha512-REkpKBhLfUo5lXHFTg5YL2ksWKnGNJsrRmF9TwuG3uH1/gbj/sVM3eWztgTgFJVGeqKGWJRQ9VsJ0GSqrgabrw==",
      "license": "Apache-2.0",
      "engines": {
        "node": "^18.19.0 || >=20.6.0"
      },
      "peerDependencies": {
        "@opentelemetry/api": "^1.0.0"
      }
    },
    "node_modules/@opentelemetry/redis-common": {
      "version": "0.38.3",
      "resolved": "https://registry.npmjs.org/@opentelemetry/redis-common/-/redis-common-0.38.3.tgz",
      "integrity": "sha512-VCghU1JYs/4gP6Gqf/xro9MEsZ7LrMv2uONVsaESKL38ZOB9BqnI98FfS23wjMnHlpuE+TTaWSoAVNpTwYXzjw==",
      "license": "Apache-2.0",
      "engines": {
        "node": "^18.19.0 || >=20.6.0"
      }
    },
    "node_modules/@opentelemetry/resource-detector-aws": {
      "version": "2.20.0",
      "resolved": "https://registry.npmjs.org/@opentelemetry/resource-detector-aws/-/resource-detector-aws-2.20.0.tgz",
      "integrity": "sha512-3ZkhvVHqJgJ75ObpZQwZIBySNfd4h772QRb2NBPU1A3lSUzDlRen9x5Kzv/K7HNkL/Azl8XEanykwa73YjWmQA==",
      "license": "Apache-2.0",
      "dependencies": {
        "@opentelemetry/core": "^2.0.0",
        "@opentelemetry/resources": "^2.0.0",
        "@opentelemetry/semantic-conventions": "^1.27.0"
      },
      "engines": {
        "node": "^18.19.0 || >=20.6.0"
      },
      "peerDependencies": {
        "@opentelemetry/api": "^1.0.0"
      }
    },
    "node_modules/@opentelemetry/resources": {
      "version": "2.9.0",
      "resolved": "https://registry.npmjs.org/@opentelemetry/resources/-/resources-2.9.0.tgz",
      "integrity": "sha512-jyA5MBLQ+Dkl3+JsZkUoUvL7yHvU64kLsvpXKarWm6347Sl1t1bXFTFykUePNpT5WH5pm9a2Qtt03iIYQhZ1Fg==",
      "license": "Apache-2.0",
      "dependencies": {
        "@opentelemetry/core": "2.9.0",
        "@opentelemetry/semantic-conventions": "^1.29.0"
      },
      "engines": {
        "node": "^18.19.0 || >=20.6.0"
      },
      "peerDependencies": {
        "@opentelemetry/api": ">=1.3.0 <1.10.0"
      }
    },
    "node_modules/@opentelemetry/sdk-logs": {
      "version": "0.220.0",
      "resolved": "https://registry.npmjs.org/@opentelemetry/sdk-logs/-/sdk-logs-0.220.0.tgz",
      "integrity": "sha512-WywcTkQtv2iNmt+6y5Kcd4rzvx9bLVsBa2Nwcmg01IUaBTkTow3W4d9KE5vNBpEDtb9tp21WcRBY/lANRrApYA==",
      "license": "Apache-2.0",
      "dependencies": {
        "@opentelemetry/api-logs": "0.220.0",
        "@opentelemetry/core": "2.9.0",
        "@opentelemetry/resources": "2.9.0",
        "@opentelemetry/semantic-conventions": "^1.29.0"
      },
      "engines": {
        "node": "^18.19.0 || >=20.6.0"
      },
      "peerDependencies": {
        "@opentelemetry/api": ">=1.4.0 <1.10.0"
      }
    },
    "node_modules/@opentelemetry/sdk-metrics": {
      "version": "2.9.0",
      "resolved": "https://registry.npmjs.org/@opentelemetry/sdk-metrics/-/sdk-metrics-2.9.0.tgz",
      "integrity": "sha512-Xx8RGS4H5XEBl01WuCreMIpiah9cCXMbSkeuIePPdD2cUpq/vUzYmj8E/MK1OsbOc93FuAD4jfn2WOacKwLn7Q==",
      "license": "Apache-2.0",
      "dependencies": {
        "@opentelemetry/core": "2.9.0",
        "@opentelemetry/resources": "2.9.0"
      },
      "engines": {
        "node": "^18.19.0 || >=20.6.0"
      },
      "peerDependencies": {
        "@opentelemetry/api": ">=1.9.0 <1.10.0"
      }
    },
    "node_modules/@opentelemetry/sdk-trace": {
      "version": "2.9.0",
      "resolved": "https://registry.npmjs.org/@opentelemetry/sdk-trace/-/sdk-trace-2.9.0.tgz",
      "integrity": "sha512-sGA19HvtrrSKYsseHphluH6j3p6Xa3fqc7c7y8f/7mYWejc1lyDFcpSdD1kYa50HCLUeEo4zA5bW0pniaPszuw==",
      "license": "Apache-2.0",
      "dependencies": {
        "@opentelemetry/core": "2.9.0",
        "@opentelemetry/resources": "2.9.0",
        "@opentelemetry/semantic-conventions": "^1.29.0"
      },
      "engines": {
        "node": "^18.19.0 || >=20.6.0"
      },
      "peerDependencies": {
        "@opentelemetry/api": ">=1.3.0 <1.10.0"
      }
    },
    "node_modules/@opentelemetry/sdk-trace-base": {
      "version": "2.9.0",
      "resolved": "https://registry.npmjs.org/@opentelemetry/sdk-trace-base/-/sdk-trace-base-2.9.0.tgz",
      "integrity": "sha512-cp9zmTl62R8PJrpvFcmc8N2JQU/xfa0S+61q511Nji+QxCfZ8Ifvg7H27G8cANe4crg4RTrWsVvanHiXjSp6ag==",
      "license": "Apache-2.0",
      "dependencies": {
        "@opentelemetry/core": "2.9.0",
        "@opentelemetry/resources": "2.9.0",
        "@opentelemetry/sdk-trace": "2.9.0",
        "@opentelemetry/semantic-conventions": "^1.29.0"
      },
      "engines": {
        "node": "^18.19.0 || >=20.6.0"
      },
      "peerDependencies": {
        "@opentelemetry/api": ">=1.3.0 <1.10.0"
      }
    },
    "node_modules/@opentelemetry/sdk-trace-node": {
      "version": "2.9.0",
      "resolved": "https://registry.npmjs.org/@opentelemetry/sdk-trace-node/-/sdk-trace-node-2.9.0.tgz",
      "integrity": "sha512-ec9a7ps37huy5itYk0MalaZdSLlM6AXWp/FhtEjgMpp5leEGojBDvAl/UWttQnkMZOvFHKzRESn8TD3yKTF5nQ==",
      "license": "Apache-2.0",
      "dependencies": {
        "@opentelemetry/context-async-hooks": "2.9.0",
        "@opentelemetry/core": "2.9.0",
        "@opentelemetry/sdk-trace-base": "2.9.0"
      },
      "engines": {
        "node": "^18.19.0 || >=20.6.0"
      },
      "peerDependencies": {
        "@opentelemetry/api": ">=1.0.0 <1.10.0"
      }
    },
    "node_modules/@opentelemetry/semantic-conventions": {
      "version": "1.43.0",
      "resolved": "https://registry.npmjs.org/@opentelemetry/semantic-conventions/-/semantic-conventions-1.43.0.tgz",
      "integrity": "sha512-eSYWTm620tTk45EKSedaUL8MFYI8hW164hIXsgIHyxu3VobUB3fFCu5t0hQby6OoWRPsG1KkKUG2M5UadiLiVg==",
      "license": "Apache-2.0",
      "engines": {
        "node": ">=14"
      }
    },
    "node_modules/@opentelemetry/sql-common": {
      "version": "0.42.0",
      "resolved": "https://registry.npmjs.org/@opentelemetry/sql-common/-/sql-common-0.42.0.tgz",
      "integrity": "sha512-nwUwUU+8O8a4bnLqk6CodWeegGMEANgC94KTAhXcpGWLrW/2/hek/0ajNbjXnSOoNuCX+nteUPs46HFHhou9Xw==",
      "license": "Apache-2.0",
      "dependencies": {
        "@opentelemetry/core": "^2.0.0"
      },
      "engines": {
        "node": "^18.19.0 || >=20.6.0"
      },
      "peerDependencies": {
        "@opentelemetry/api": "^1.1.0"
      }
    },
    "node_modules/@types/aws-lambda": {
      "version": "8.10.159",
      "resolved": "https://registry.npmjs.org/@types/aws-lambda/-/aws-lambda-8.10.159.tgz",
      "integrity": "sha512-SAP22WSGNN12OQ8PlCzGzRCZ7QDCwI85dQZbmpz7+mAk+L7j+wI7qnvmdKh+o7A5LaOp6QnOZ2NJphAZQTTHQg==",
      "license": "MIT"
    },
    "node_modules/@types/mysql": {
      "version": "2.15.27",
      "resolved": "https://registry.npmjs.org/@types/mysql/-/mysql-2.15.27.tgz",
      "integrity": "sha512-YfWiV16IY0OeBfBCk8+hXKmdTKrKlwKN1MNKAPBu5JYxLwBEZl7QzeEpGnlZb3VMGJrrGmB84gXiH+ofs/TezA==",
      "license": "MIT",
      "dependencies": {
        "@types/node": "*"
      }
    },
    "node_modules/@types/node": {
      "version": "25.3.5",
      "resolved": "https://registry.npmjs.org/@types/node/-/node-25.3.5.tgz",
      "integrity": "sha512-oX8xrhvpiyRCQkG1MFchB09f+cXftgIXb3a7UUa4Y3wpmZPw5tyZGTLWhlESOLq1Rq6oDlc8npVU2/9xiCuXMA==",
      "license": "MIT",
      "dependencies": {
        "undici-types": "~7.18.0"
      }
    },
    "node_modules/@types/pg": {
      "version": "8.15.6",
      "resolved": "https://registry.npmjs.org/@types/pg/-/pg-8.15.6.tgz",
      "integrity": "sha512-NoaMtzhxOrubeL/7UZuNTrejB4MPAJ0RpxZqXQf2qXuVlTPuG6Y8p4u9dKRaue4yjmC7ZhzVO2/Yyyn25znrPQ==",
      "license": "MIT",
      "dependencies": {
        "@types/node": "*",
        "pg-protocol": "*",
        "pg-types": "^2.2.0"
      }
    },
    "node_modules/@types/pg-pool": {
      "version": "2.0.7",
      "resolved": "https://registry.npmjs.org/@types/pg-pool/-/pg-pool-2.0.7.tgz",
      "integrity": "sha512-U4CwmGVQcbEuqpyju8/ptOKg6gEC+Tqsvj2xS9o1g71bUh8twxnC6ZL5rZKCsGN0iyH0CwgUyc9VR5owNQF9Ng==",
      "license": "MIT",
      "dependencies": {
        "@types/pg": "*"
      }
    },
    "node_modules/cjs-module-lexer": {
      "version": "2.2.0",
      "resolved": "https://registry.npmjs.org/cjs-module-lexer/-/cjs-module-lexer-2.2.0.tgz",
      "integrity": "sha512-4bHTS2YuzUvtoLjdy+98ykbNB5jS0+07EvFNXerqZQJ89F7DI6ET7OQo/HJuW6K0aVsKA9hj9/RVb2kQVOrPDQ==",
      "license": "MIT"
    },
    "node_modules/debug": {
      "version": "4.4.3",
      "resolved": "https://registry.npmjs.org/debug/-/debug-4.4.3.tgz",
      "integrity": "sha512-RGwwWnwQvkVfavKVt22FGLw+xYSdzARwm0ru6DhTVA3umU5hZc28V3kO4stgYryrTlLpuvgI9GiijltAjNbcqA==",
      "license": "MIT",
      "dependencies": {
        "ms": "^2.1.3"
      },
      "engines": {
        "node": ">=6.0"
      },
      "peerDependenciesMeta": {
        "supports-color": {
          "optional": true
        }
      }
    },
    "node_modules/es-module-lexer": {
      "version": "2.3.1",
      "resolved": "https://registry.npmjs.org/es-module-lexer/-/es-module-lexer-2.3.1.tgz",
      "integrity": "sha512-shc1dbU90Yl/xq1QrC7QRtfcwURZuVRfPhZbDoldJ1cn1gzDvBaBWlv0eFolj5+0znnPJz5TXLxsN77X/12KTA==",
      "license": "MIT"
    },
    "node_modules/forwarded-parse": {
      "version": "2.1.2",
      "resolved": "https://registry.npmjs.org/forwarded-parse/-/forwarded-parse-2.1.2.tgz",
      "integrity": "sha512-alTFZZQDKMporBH77856pXgzhEzaUVmLCDk+egLgIgHst3Tpndzz8MnKe+GzRJRfvVdn69HhpW7cmXzvtLvJAw=="
    },
    "node_modules/import-in-the-middle": {
      "version": "3.3.1",
      "resolved": "https://registry.npmjs.org/import-in-the-middle/-/import-in-the-middle-3.3.1.tgz",
      "integrity": "sha512-0rymlHSFLwZ0ixx8DaQkoIyZojJPY2a0K2nEYslhKJ6jIYO/m0IcCb7iQsFPmS7WmKwISZiIrv5Icstrw/CmqA==",
      "license": "Apache-2.0",
      "dependencies": {
        "cjs-module-lexer": "^2.2.0",
        "es-module-lexer": "^2.2.0",
        "module-details-from-path": "^1.0.4"
      },
      "engines": {
        "node": ">=18"
      }
    },
    "node_modules/module-details-from-path": {
      "version": "1.0.4",
      "resolved": "https://registry.npmjs.org/module-details-from-path/-/module-details-from-path-1.0.4.tgz",
      "integrity": "sha512-EGWKgxALGMgzvxYF1UyGTy0HXX/2vHLkw6+NvDKW2jypWbHpjQuj4UMcqQWXHERJhVGKikolT06G3bcKe4fi7w==",
      "license": "MIT"
    },
    "node_modules/ms": {
      "version": "2.1.3",
      "resolved": "https://registry.npmjs.org/ms/-/ms-2.1.3.tgz",
      "integrity": "sha512-6FlzubTLZG3J2a/NVCAleEhjzq5oxgHyaCU9yYXvcLsvoVaHJq/s5xXI6/XXP6tz7R9xAOtHnSO/tXtF3WRTlA==",
      "license": "MIT"
    },
    "node_modules/pg-int8": {
      "version": "1.0.1",
      "resolved": "https://registry.npmjs.org/pg-int8/-/pg-int8-1.0.1.tgz",
      "integrity": "sha512-WCtabS6t3c8SkpDBUlb1kjOs7l66xsGdKpIPZsg4wR+B3+u9UAum2odSsF9tnvxg80h4ZxLWMy4pRjOsFIqQpw==",
      "license": "ISC",
      "engines": {
        "node": ">=4.0.0"
      }
    },
    "node_modules/pg-protocol": {
      "version": "1.13.0",
      "resolved": "https://registry.npmjs.org/pg-protocol/-/pg-protocol-1.13.0.tgz",
      "integrity": "sha512-zzdvXfS6v89r6v7OcFCHfHlyG/wvry1ALxZo4LqgUoy7W9xhBDMaqOuMiF3qEV45VqsN6rdlcehHrfDtlCPc8w==",
      "license": "MIT"
    },
    "node_modules/pg-types": {
      "version": "2.2.0",
      "resolved": "https://registry.npmjs.org/pg-types/-/pg-types-2.2.0.tgz",
      "integrity": "sha512-qTAAlrEsl8s4OiEQY69wDvcMIdQN6wdz5ojQiOy6YRMuynxenON0O5oCpJI6lshc6scgAY8qvJ2On/p+CXY0GA==",
      "license": "MIT",
      "dependencies": {
        "pg-int8": "1.0.1",
        "postgres-array": "~2.0.0",
        "postgres-bytea": "~1.0.0",
        "postgres-date": "~1.0.4",
        "postgres-interval": "^1.1.0"
      },
      "engines": {
        "node": ">=4"
      }
    },
    "node_modules/postgres-array": {
      "version": "2.0.0",
      "resolved": "https://registry.npmjs.org/postgres-array/-/postgres-array-2.0.0.tgz",
      "integrity": "sha512-VpZrUqU5A69eQyW2c5CA1jtLecCsN2U/bD6VilrFDWq5+5UIEVO7nazS3TEcHf1zuPYO/sqGvUvW62g86RXZuA==",
      "license": "MIT",
      "engines": {
        "node": ">=4"
      }
    },
    "node_modules/postgres-bytea": {
      "version": "1.0.1",
      "resolved": "https://registry.npmjs.org/postgres-bytea/-/postgres-bytea-1.0.1.tgz",
      "integrity": "sha512-5+5HqXnsZPE65IJZSMkZtURARZelel2oXUEO8rH83VS/hxH5vv1uHquPg5wZs8yMAfdv971IU+kcPUczi7NVBQ==",
      "license": "MIT",
      "engines": {
        "node": ">=0.10.0"
      }
    },
    "node_modules/postgres-date": {
      "version": "1.0.7",
      "resolved": "https://registry.npmjs.org/postgres-date/-/postgres-date-1.0.7.tgz",
      "integrity": "sha512-suDmjLVQg78nMK2UZ454hAG+OAW+HQPZ6n++TNDUX+L0+uUlLywnoxJKDou51Zm+zTCjrCl0Nq6J9C5hP9vK/Q==",
      "license": "MIT",
      "engines": {
        "node": ">=0.10.0"
      }
    },
    "node_modules/postgres-interval": {
      "version": "1.2.0",
      "resolved": "https://registry.npmjs.org/postgres-interval/-/postgres-interval-1.2.0.tgz",
      "integrity": "sha512-9ZhXKM/rw350N1ovuWHbGxnGh/SNJ4cnxHiM0rxE4VN41wsg8P8zWn9hv/buK00RP4WvlOyr/RBDiptyxVbkZQ==",
      "license": "MIT",
      "dependencies": {
        "xtend": "^4.0.0"
      },
      "engines": {
        "node": ">=0.10.0"
      }
    },
    "node_modules/require-in-the-middle": {
      "version": "8.0.1",
      "resolved": "https://registry.npmjs.org/require-in-the-middle/-/require-in-the-middle-8.0.1.tgz",
      "integrity": "sha512-QT7FVMXfWOYFbeRBF6nu+I6tr2Tf3u0q8RIEjNob/heKY/nh7drD/k7eeMFmSQgnTtCzLDcCu/XEnpW2wk4xCQ==",
      "license": "MIT",
      "dependencies": {
        "debug": "^4.3.5",
        "module-details-from-path": "^1.0.3"
      },
      "engines": {
        "node": ">=9.3.0 || >=8.10.0 <9.0.0"
      }
    },
    "node_modules/undici-types": {
      "version": "7.18.2",
      "resolved": "https://registry.npmjs.org/undici-types/-/undici-types-7.18.2.tgz",
      "integrity": "sha512-AsuCzffGHJybSaRrmr5eHr81mwJU3kjw6M+uprWvCXiNeN9SOGwQ3Jn8jb8m3Z6izVgknn1R0FTCEAP2QrLY/w==",
      "license": "MIT"
    },
    "node_modules/xtend": {
      "version": "4.0.2",
      "resolved": "https://registry.npmjs.org/xtend/-/xtend-4.0.2.tgz",
      "integrity": "sha512-LKYU1iAXJXUgAXn9URjiu+MWhyUXHsvfp7mcuYm9dSUKK0/CjtrUwFAxD82/mCWbtLsGjFIad0wIsod4zrTAEQ==",
      "license": "MIT",
      "engines": {
        "node": ">=0.4"
      }
    }
  }
}
